// !$*UTF8*$!
{
	archiveVersion = 1;
	classes = {
	};
	objectVersion = 46;
	objects = {

/* Begin PBXAggregateTarget section */
		6E256FEE15F255780079AD2D /* postgresql */ = {
			isa = PBXAggregateTarget;
			buildConfigurationList = 6E256FEF15F255780079AD2D /* Build configuration list for PBXAggregateTarget "postgresql" */;
			buildPhases = (
				6E256FF415F255D00079AD2D /* ShellScript */,
			);
			dependencies = (
			);
			name = postgresql;
			productName = postgresql;
		};
/* End PBXAggregateTarget section */

/* Begin PBXBuildFile section */
		6E031030162FE50B003225B1 /* PGStatement.h in Headers */ = {isa = PBXBuildFile; fileRef = 6E03102E162FE50B003225B1 /* PGStatement.h */; };
		6E031031162FE50B003225B1 /* PGStatement.m in Sources */ = {isa = PBXBuildFile; fileRef = 6E03102F162FE50B003225B1 /* PGStatement.m */; };
		6E0978211631AFAB0000A097 /* PGConnectionPool.h in Headers */ = {isa = PBXBuildFile; fileRef = 6E09781F1631AFAB0000A097 /* PGConnectionPool.h */; settings = {ATTRIBUTES = (Private, ); }; };
		6E0978221631AFAB0000A097 /* PGConnectionPool.m in Sources */ = {isa = PBXBuildFile; fileRef = 6E0978201631AFAB0000A097 /* PGConnectionPool.m */; };
		6E0978261631CEAA0000A097 /* PGResult.h in Headers */ = {isa = PBXBuildFile; fileRef = 6E0978241631CEAA0000A097 /* PGResult.h */; settings = {ATTRIBUTES = (Public, ); }; };
		6E0978271631CEAA0000A097 /* PGResult.m in Sources */ = {isa = PBXBuildFile; fileRef = 6E0978251631CEAA0000A097 /* PGResult.m */; };
		6E11AC0F162F4722009A077C /* Application.m in Sources */ = {isa = PBXBuildFile; fileRef = 6E11AC0E162F4722009A077C /* Application.m */; };
		6E1B43D715F3A308001ED3BE /* PGServerKit.framework in CopyFiles */ = {isa = PBXBuildFile; fileRef = 6ED763FB15F2673600687079 /* PGServerKit.framework */; };
		6E1B43FE15F3A4C2001ED3BE /* elephant.icns in Resources */ = {isa = PBXBuildFile; fileRef = 6E1B43E715F3A465001ED3BE /* elephant.icns */; };
		6E48B36F1605E34A0044A6CB /* libz.1.2.5.dylib in Frameworks */ = {isa = PBXBuildFile; fileRef = 6E48B36E1605E34A0044A6CB /* libz.1.2.5.dylib */; };
		6E48B37116060D980044A6CB /* strapline-200x40.png in Resources */ = {isa = PBXBuildFile; fileRef = 6E1B43F915F3A465001ED3BE /* strapline-200x40.png */; };
		6E48B37216060D9E0044A6CB /* red.tiff in Resources */ = {isa = PBXBuildFile; fileRef = 6E1B43F415F3A465001ED3BE /* red.tiff */; };
		6E48B37316060DA30044A6CB /* yellow.tiff in Resources */ = {isa = PBXBuildFile; fileRef = 6E1B43FB15F3A465001ED3BE /* yellow.tiff */; };
		6E48B37416060DA70044A6CB /* green.tiff in Resources */ = {isa = PBXBuildFile; fileRef = 6E1B43EC15F3A465001ED3BE /* green.tiff */; };
		6E4DEC7B162CC19C008B26BD /* libcrypto.0.9.8.dylib in Frameworks */ = {isa = PBXBuildFile; fileRef = 6E4DEC7A162CC19C008B26BD /* libcrypto.0.9.8.dylib */; };
		6E4DEC7E162CC252008B26BD /* libssl.0.9.8.dylib in Frameworks */ = {isa = PBXBuildFile; fileRef = 6E4DEC7D162CC252008B26BD /* libssl.0.9.8.dylib */; };
		6E4DEC87162CC38D008B26BD /* Foundation.framework in Frameworks */ = {isa = PBXBuildFile; fileRef = 6E8C168115F26BF20013A382 /* Foundation.framework */; };
		6E4DEC94162CC3E1008B26BD /* main.m in Sources */ = {isa = PBXBuildFile; fileRef = 6E4DEC80162CC307008B26BD /* main.m */; };
		6E4DEC95162CC4AB008B26BD /* PGClientKit.h in Headers */ = {isa = PBXBuildFile; fileRef = 6ED85B4916288D0200A6DC02 /* PGClientKit.h */; settings = {ATTRIBUTES = (Public, ); }; };
		6E4DEC96162CC5E6008B26BD /* PGClientKit.framework in Frameworks */ = {isa = PBXBuildFile; fileRef = 6ED85B4616288C4800A6DC02 /* PGClientKit.framework */; };
		6E6679521606387B00EF8E98 /* ConnectionPrefs.m in Sources */ = {isa = PBXBuildFile; fileRef = 6E6679511606387B00EF8E98 /* ConnectionPrefs.m */; };
		6EA41EF01610E7DB00E81046 /* PGServer.h in Headers */ = {isa = PBXBuildFile; fileRef = 6EA41EEE1610E7DB00E81046 /* PGServer.h */; settings = {ATTRIBUTES = (Public, ); }; };
		6EA41EF11610E7DB00E81046 /* PGServer.m in Sources */ = {isa = PBXBuildFile; fileRef = 6EA41EEF1610E7DB00E81046 /* PGServer.m */; };
		6EB1E79615F282910093F784 /* PGServerKit.h in Headers */ = {isa = PBXBuildFile; fileRef = 6EB1E74015F273350093F784 /* PGServerKit.h */; settings = {ATTRIBUTES = (Public, ); }; };
		6ECA7ADE15F3637600AF2B70 /* Foundation.framework in Frameworks */ = {isa = PBXBuildFile; fileRef = 6E8C168115F26BF20013A382 /* Foundation.framework */; };
		6ECA7AE915F3638500AF2B70 /* main.m in Sources */ = {isa = PBXBuildFile; fileRef = 6ECA7AD715F3635A00AF2B70 /* main.m */; };
		6ECA7AEA15F363C400AF2B70 /* PGServerKit.framework in Frameworks */ = {isa = PBXBuildFile; fileRef = 6ED763FB15F2673600687079 /* PGServerKit.framework */; };
		6EDFA08415F3FCDF000C7BA4 /* PGServer+Backup.h in Headers */ = {isa = PBXBuildFile; fileRef = 6EDFA08215F3FCDF000C7BA4 /* PGServer+Backup.h */; settings = {ATTRIBUTES = (Public, ); }; };
		6EDFA08515F3FCDF000C7BA4 /* PGServer+Backup.m in Sources */ = {isa = PBXBuildFile; fileRef = 6EDFA08315F3FCDF000C7BA4 /* PGServer+Backup.m */; };
		6EE23F5D1631EF7500C99BA7 /* PGClientKit+Private.h in Headers */ = {isa = PBXBuildFile; fileRef = 6EE23F5A1631EF7500C99BA7 /* PGClientKit+Private.h */; };
		6EE23F5E1631EF7500C99BA7 /* PGConnection.h in Headers */ = {isa = PBXBuildFile; fileRef = 6EE23F5B1631EF7500C99BA7 /* PGConnection.h */; settings = {ATTRIBUTES = (Public, ); }; };
		6EE23F5F1631EF7500C99BA7 /* PGConnection.m in Sources */ = {isa = PBXBuildFile; fileRef = 6EE23F5C1631EF7500C99BA7 /* PGConnection.m */; };
		6EEE176416287D7A0029ACDC /* ConfigurationPrefs.m in Sources */ = {isa = PBXBuildFile; fileRef = 6EEE176316287D7A0029ACDC /* ConfigurationPrefs.m */; };
		6EF30CF415F3957900EE0656 /* Cocoa.framework in Frameworks */ = {isa = PBXBuildFile; fileRef = 6E8C167C15F26BF20013A382 /* Cocoa.framework */; };
		6EF30D0715F3957900EE0656 /* AppDelegate.m in Sources */ = {isa = PBXBuildFile; fileRef = 6EF30D0615F3957900EE0656 /* AppDelegate.m */; };
		6EF30D0F15F3964D00EE0656 /* main.m in Sources */ = {isa = PBXBuildFile; fileRef = 6EB1E72D15F273350093F784 /* main.m */; };
		6EF30D1115F396D000EE0656 /* PGServer.xib in Resources */ = {isa = PBXBuildFile; fileRef = 6EF30D1015F396D000EE0656 /* PGServer.xib */; };
		6EF30D1215F3975F00EE0656 /* PGServerKit.framework in Frameworks */ = {isa = PBXBuildFile; fileRef = 6ED763FB15F2673600687079 /* PGServerKit.framework */; };
/* End PBXBuildFile section */

/* Begin PBXContainerItemProxy section */
		6E30F78E15F3A5180056C749 /* PBXContainerItemProxy */ = {
			isa = PBXContainerItemProxy;
			containerPortal = 6E256FDE15F252620079AD2D /* Project object */;
			proxyType = 1;
			remoteGlobalIDString = 6ED763FA15F2673600687079;
			remoteInfo = PGServerKit;
		};
		6E4DEC92162CC3A7008B26BD /* PBXContainerItemProxy */ = {
			isa = PBXContainerItemProxy;
			containerPortal = 6E256FDE15F252620079AD2D /* Project object */;
			proxyType = 1;
			remoteGlobalIDString = 6ED85B3516288C4800A6DC02;
			remoteInfo = PGClientKit;
		};
		6ECA7AEB15F363DB00AF2B70 /* PBXContainerItemProxy */ = {
			isa = PBXContainerItemProxy;
			containerPortal = 6E256FDE15F252620079AD2D /* Project object */;
			proxyType = 1;
			remoteGlobalIDString = 6ED763FA15F2673600687079;
			remoteInfo = PGServerKit;
		};
		6ED7641215F2674E00687079 /* PBXContainerItemProxy */ = {
			isa = PBXContainerItemProxy;
			containerPortal = 6E256FDE15F252620079AD2D /* Project object */;
			proxyType = 1;
			remoteGlobalIDString = 6E256FEE15F255780079AD2D;
			remoteInfo = postgresql;
		};
		6ED85B3716288C4800A6DC02 /* PBXContainerItemProxy */ = {
			isa = PBXContainerItemProxy;
			containerPortal = 6E256FDE15F252620079AD2D /* Project object */;
			proxyType = 1;
			remoteGlobalIDString = 6E256FEE15F255780079AD2D;
			remoteInfo = postgresql;
		};
/* End PBXContainerItemProxy section */

/* Begin PBXCopyFilesBuildPhase section */
		6E1B43D515F3A2F9001ED3BE /* CopyFiles */ = {
			isa = PBXCopyFilesBuildPhase;
			buildActionMask = 2147483647;
			dstPath = "";
			dstSubfolderSpec = 10;
			files = (
				6E1B43D715F3A308001ED3BE /* PGServerKit.framework in CopyFiles */,
			);
			runOnlyForDeploymentPostprocessing = 0;
		};
		6E4DEC83162CC38D008B26BD /* CopyFiles */ = {
			isa = PBXCopyFilesBuildPhase;
			buildActionMask = 2147483647;
			dstPath = /usr/share/man/man1/;
			dstSubfolderSpec = 0;
			files = (
			);
			runOnlyForDeploymentPostprocessing = 1;
		};
/* End PBXCopyFilesBuildPhase section */

/* Begin PBXFileReference section */
		6E03102E162FE50B003225B1 /* PGStatement.h */ = {isa = PBXFileReference; fileEncoding = 4; lastKnownFileType = sourcecode.c.h; path = PGStatement.h; sourceTree = "<group>"; };
		6E03102F162FE50B003225B1 /* PGStatement.m */ = {isa = PBXFileReference; fileEncoding = 4; lastKnownFileType = sourcecode.c.objc; path = PGStatement.m; sourceTree = "<group>"; };
		6E09781F1631AFAB0000A097 /* PGConnectionPool.h */ = {isa = PBXFileReference; fileEncoding = 4; lastKnownFileType = sourcecode.c.h; path = PGConnectionPool.h; sourceTree = "<group>"; };
		6E0978201631AFAB0000A097 /* PGConnectionPool.m */ = {isa = PBXFileReference; fileEncoding = 4; lastKnownFileType = sourcecode.c.objc; path = PGConnectionPool.m; sourceTree = "<group>"; };
		6E0978241631CEAA0000A097 /* PGResult.h */ = {isa = PBXFileReference; fileEncoding = 4; lastKnownFileType = sourcecode.c.h; path = PGResult.h; sourceTree = "<group>"; };
		6E0978251631CEAA0000A097 /* PGResult.m */ = {isa = PBXFileReference; fileEncoding = 4; lastKnownFileType = sourcecode.c.objc; path = PGResult.m; sourceTree = "<group>"; };
		6E11AC0D162F4722009A077C /* Application.h */ = {isa = PBXFileReference; fileEncoding = 4; lastKnownFileType = sourcecode.c.h; path = Application.h; sourceTree = "<group>"; };
		6E11AC0E162F4722009A077C /* Application.m */ = {isa = PBXFileReference; fileEncoding = 4; lastKnownFileType = sourcecode.c.objc; path = Application.m; sourceTree = "<group>"; };
		6E1B43DD15F3A465001ED3BE /* backup.tiff */ = {isa = PBXFileReference; lastKnownFileType = image.tiff; path = backup.tiff; sourceTree = "<group>"; };
		6E1B43DE15F3A465001ED3BE /* clear.tiff */ = {isa = PBXFileReference; lastKnownFileType = image.tiff; path = clear.tiff; sourceTree = "<group>"; };
		6E1B43DF15F3A465001ED3BE /* ClientConnect-Info.plist */ = {isa = PBXFileReference; lastKnownFileType = text.plist.xml; path = "ClientConnect-Info.plist"; sourceTree = "<group>"; };
		6E1B43E015F3A465001ED3BE /* ClientConnect.xib */ = {isa = PBXFileReference; lastKnownFileType = file.xib; path = ClientConnect.xib; sourceTree = "<group>"; };
		6E1B43E115F3A465001ED3BE /* CocoaServer-Info.plist */ = {isa = PBXFileReference; lastKnownFileType = text.plist.xml; path = "CocoaServer-Info.plist"; sourceTree = "<group>"; };
		6E1B43E215F3A465001ED3BE /* CocoaServer.xib */ = {isa = PBXFileReference; lastKnownFileType = file.xib; path = CocoaServer.xib; sourceTree = "<group>"; };
		6E1B43E315F3A465001ED3BE /* ConnectPanel.xib */ = {isa = PBXFileReference; lastKnownFileType = file.xib; path = ConnectPanel.xib; sourceTree = "<group>"; };
		6E1B43E415F3A465001ED3BE /* elephant-32.png */ = {isa = PBXFileReference; lastKnownFileType = image.png; path = "elephant-32.png"; sourceTree = "<group>"; };
		6E1B43E515F3A465001ED3BE /* elephant-512.png */ = {isa = PBXFileReference; lastKnownFileType = image.png; path = "elephant-512.png"; sourceTree = "<group>"; };
		6E1B43E615F3A465001ED3BE /* elephant-64.png */ = {isa = PBXFileReference; lastKnownFileType = image.png; path = "elephant-64.png"; sourceTree = "<group>"; };
		6E1B43E715F3A465001ED3BE /* elephant.icns */ = {isa = PBXFileReference; lastKnownFileType = image.icns; path = elephant.icns; sourceTree = "<group>"; };
		6E1B43E815F3A465001ED3BE /* EmbeddedServer-Info.plist */ = {isa = PBXFileReference; lastKnownFileType = text.plist.xml; path = "EmbeddedServer-Info.plist"; sourceTree = "<group>"; };
		6E1B43E915F3A465001ED3BE /* EmbeddedServer.xib */ = {isa = PBXFileReference; lastKnownFileType = file.xib; path = EmbeddedServer.xib; sourceTree = "<group>"; };
		6E1B43EA15F3A465001ED3BE /* gear-14x14.png */ = {isa = PBXFileReference; lastKnownFileType = image.png; path = "gear-14x14.png"; sourceTree = "<group>"; };
		6E1B43EB15F3A465001ED3BE /* gradient-1.png */ = {isa = PBXFileReference; lastKnownFileType = image.png; path = "gradient-1.png"; sourceTree = "<group>"; };
		6E1B43EC15F3A465001ED3BE /* green.tiff */ = {isa = PBXFileReference; lastKnownFileType = image.tiff; path = green.tiff; sourceTree = "<group>"; };
		6E1B43ED15F3A465001ED3BE /* logo_w_elephant.pdf */ = {isa = PBXFileReference; lastKnownFileType = image.pdf; path = logo_w_elephant.pdf; sourceTree = "<group>"; };
		6E1B43EE15F3A465001ED3BE /* PostgresClientKit-Info.plist */ = {isa = PBXFileReference; lastKnownFileType = text.plist.xml; path = "PostgresClientKit-Info.plist"; sourceTree = "<group>"; };
		6E1B43EF15F3A465001ED3BE /* PostgresDataKit-Info.plist */ = {isa = PBXFileReference; lastKnownFileType = text.plist.xml; path = "PostgresDataKit-Info.plist"; sourceTree = "<group>"; };
		6E1B43F015F3A465001ED3BE /* PostgresPrefPane-Info.plist */ = {isa = PBXFileReference; lastKnownFileType = text.plist.xml; path = "PostgresPrefPane-Info.plist"; sourceTree = "<group>"; };
		6E1B43F115F3A465001ED3BE /* PostgresPrefPane-nib.xib */ = {isa = PBXFileReference; lastKnownFileType = file.xib; path = "PostgresPrefPane-nib.xib"; sourceTree = "<group>"; };
		6E1B43F215F3A465001ED3BE /* PostgresPrefPaneServerStartupItem.plist */ = {isa = PBXFileReference; lastKnownFileType = text.plist.xml; path = PostgresPrefPaneServerStartupItem.plist; sourceTree = "<group>"; };
		6E1B43F315F3A465001ED3BE /* PostgresServerKit-Info.plist */ = {isa = PBXFileReference; lastKnownFileType = text.plist.xml; path = "PostgresServerKit-Info.plist"; sourceTree = "<group>"; };
		6E1B43F415F3A465001ED3BE /* red.tiff */ = {isa = PBXFileReference; lastKnownFileType = image.tiff; path = red.tiff; sourceTree = "<group>"; };
		6E1B43F515F3A465001ED3BE /* select.tiff */ = {isa = PBXFileReference; lastKnownFileType = image.tiff; path = select.tiff; sourceTree = "<group>"; };
		6E1B43F615F3A465001ED3BE /* start.tiff */ = {isa = PBXFileReference; lastKnownFileType = image.tiff; path = start.tiff; sourceTree = "<group>"; };
		6E1B43F715F3A465001ED3BE /* stop.tiff */ = {isa = PBXFileReference; lastKnownFileType = image.tiff; path = stop.tiff; sourceTree = "<group>"; };
		6E1B43F815F3A465001ED3BE /* stop2.tiff */ = {isa = PBXFileReference; lastKnownFileType = image.tiff; path = stop2.tiff; sourceTree = "<group>"; };
		6E1B43F915F3A465001ED3BE /* strapline-200x40.png */ = {isa = PBXFileReference; lastKnownFileType = image.png; path = "strapline-200x40.png"; sourceTree = "<group>"; };
		6E1B43FA15F3A465001ED3BE /* UnitTests-Info.plist */ = {isa = PBXFileReference; lastKnownFileType = text.plist.xml; path = "UnitTests-Info.plist"; sourceTree = "<group>"; };
		6E1B43FB15F3A465001ED3BE /* yellow.tiff */ = {isa = PBXFileReference; lastKnownFileType = image.tiff; path = yellow.tiff; sourceTree = "<group>"; };
		6E256FE815F252B40079AD2D /* doc */ = {isa = PBXFileReference; lastKnownFileType = folder; path = doc; sourceTree = "<group>"; };
		6E256FE915F252B40079AD2D /* etc */ = {isa = PBXFileReference; lastKnownFileType = folder; path = etc; sourceTree = "<group>"; };
		6E256FEC15F252B40079AD2D /* tar */ = {isa = PBXFileReference; lastKnownFileType = folder; path = tar; sourceTree = "<group>"; };
		6E48B36E1605E34A0044A6CB /* libz.1.2.5.dylib */ = {isa = PBXFileReference; lastKnownFileType = "compiled.mach-o.dylib"; name = libz.1.2.5.dylib; path = /usr/lib/libz.1.2.5.dylib; sourceTree = "<absolute>"; };
		6E48B370160604270044A6CB /* PGServer+Private.h */ = {isa = PBXFileReference; lastKnownFileType = sourcecode.c.h; path = "PGServer+Private.h"; sourceTree = "<group>"; };
		6E4DEC7A162CC19C008B26BD /* libcrypto.0.9.8.dylib */ = {isa = PBXFileReference; lastKnownFileType = "compiled.mach-o.dylib"; name = libcrypto.0.9.8.dylib; path = ../../../../usr/lib/libcrypto.0.9.8.dylib; sourceTree = "<group>"; };
		6E4DEC7D162CC252008B26BD /* libssl.0.9.8.dylib */ = {isa = PBXFileReference; lastKnownFileType = "compiled.mach-o.dylib"; name = libssl.0.9.8.dylib; path = ../../../../usr/lib/libssl.0.9.8.dylib; sourceTree = "<group>"; };
		6E4DEC80162CC307008B26BD /* main.m */ = {isa = PBXFileReference; lastKnownFileType = sourcecode.c.objc; path = main.m; sourceTree = "<group>"; };
		6E4DEC85162CC38D008B26BD /* PGFoundationClient */ = {isa = PBXFileReference; explicitFileType = "compiled.mach-o.executable"; includeInIndex = 0; path = PGFoundationClient; sourceTree = BUILT_PRODUCTS_DIR; };
		6E6679501606387B00EF8E98 /* ConnectionPrefs.h */ = {isa = PBXFileReference; fileEncoding = 4; lastKnownFileType = sourcecode.c.h; path = ConnectionPrefs.h; sourceTree = "<group>"; };
		6E6679511606387B00EF8E98 /* ConnectionPrefs.m */ = {isa = PBXFileReference; fileEncoding = 4; lastKnownFileType = sourcecode.c.objc; path = ConnectionPrefs.m; sourceTree = "<group>"; };
		6E8C167C15F26BF20013A382 /* Cocoa.framework */ = {isa = PBXFileReference; lastKnownFileType = wrapper.framework; name = Cocoa.framework; path = System/Library/Frameworks/Cocoa.framework; sourceTree = SDKROOT; };
		6E8C167F15F26BF20013A382 /* AppKit.framework */ = {isa = PBXFileReference; lastKnownFileType = wrapper.framework; name = AppKit.framework; path = System/Library/Frameworks/AppKit.framework; sourceTree = SDKROOT; };
		6E8C168115F26BF20013A382 /* Foundation.framework */ = {isa = PBXFileReference; lastKnownFileType = wrapper.framework; name = Foundation.framework; path = System/Library/Frameworks/Foundation.framework; sourceTree = SDKROOT; };
		6EA41EEE1610E7DB00E81046 /* PGServer.h */ = {isa = PBXFileReference; fileEncoding = 4; lastKnownFileType = sourcecode.c.h; path = PGServer.h; sourceTree = "<group>"; };
		6EA41EEF1610E7DB00E81046 /* PGServer.m */ = {isa = PBXFileReference; fileEncoding = 4; lastKnownFileType = sourcecode.c.objc; path = PGServer.m; sourceTree = "<group>"; };
		6EB1E6F415F271C70093F784 /* CoreData.framework */ = {isa = PBXFileReference; lastKnownFileType = wrapper.framework; name = CoreData.framework; path = System/Library/Frameworks/CoreData.framework; sourceTree = SDKROOT; };
		6EB1E70D15F273350093F784 /* Controller.h */ = {isa = PBXFileReference; lastKnownFileType = sourcecode.c.h; path = Controller.h; sourceTree = "<group>"; };
		6EB1E70E15F273350093F784 /* Controller.m */ = {isa = PBXFileReference; lastKnownFileType = sourcecode.c.objc; path = Controller.m; sourceTree = "<group>"; };
		6EB1E70F15F273350093F784 /* FLXPostgresConnectSetting.h */ = {isa = PBXFileReference; lastKnownFileType = sourcecode.c.h; path = FLXPostgresConnectSetting.h; sourceTree = "<group>"; };
		6EB1E71015F273350093F784 /* FLXPostgresConnectSetting.m */ = {isa = PBXFileReference; lastKnownFileType = sourcecode.c.objc; path = FLXPostgresConnectSetting.m; sourceTree = "<group>"; };
		6EB1E71115F273350093F784 /* FLXPostgresConnectWindowController.h */ = {isa = PBXFileReference; lastKnownFileType = sourcecode.c.h; path = FLXPostgresConnectWindowController.h; sourceTree = "<group>"; };
		6EB1E71215F273350093F784 /* FLXPostgresConnectWindowController.m */ = {isa = PBXFileReference; lastKnownFileType = sourcecode.c.objc; path = FLXPostgresConnectWindowController.m; sourceTree = "<group>"; };
		6EB1E71315F273350093F784 /* FLXTaggedView.h */ = {isa = PBXFileReference; lastKnownFileType = sourcecode.c.h; path = FLXTaggedView.h; sourceTree = "<group>"; };
		6EB1E71415F273350093F784 /* FLXTaggedView.m */ = {isa = PBXFileReference; lastKnownFileType = sourcecode.c.objc; path = FLXTaggedView.m; sourceTree = "<group>"; };
		6EB1E71615F273350093F784 /* AppDelegate.h */ = {isa = PBXFileReference; lastKnownFileType = sourcecode.c.h; path = AppDelegate.h; sourceTree = "<group>"; };
		6EB1E71715F273350093F784 /* AppDelegate.m */ = {isa = PBXFileReference; lastKnownFileType = sourcecode.c.objc; path = AppDelegate.m; sourceTree = "<group>"; };
		6EB1E71815F273350093F784 /* BackupPreferences.h */ = {isa = PBXFileReference; lastKnownFileType = sourcecode.c.h; path = BackupPreferences.h; sourceTree = "<group>"; };
		6EB1E71915F273350093F784 /* BackupPreferences.m */ = {isa = PBXFileReference; lastKnownFileType = sourcecode.c.objc; path = BackupPreferences.m; sourceTree = "<group>"; };
		6EB1E71A15F273350093F784 /* ConnectionPreferences.h */ = {isa = PBXFileReference; lastKnownFileType = sourcecode.c.h; path = ConnectionPreferences.h; sourceTree = "<group>"; };
		6EB1E71B15F273350093F784 /* ConnectionPreferences.m */ = {isa = PBXFileReference; lastKnownFileType = sourcecode.c.objc; path = ConnectionPreferences.m; sourceTree = "<group>"; };
		6EB1E71C15F273350093F784 /* HostAccessArrayController.h */ = {isa = PBXFileReference; lastKnownFileType = sourcecode.c.h; path = HostAccessArrayController.h; sourceTree = "<group>"; };
		6EB1E71D15F273350093F784 /* HostAccessArrayController.m */ = {isa = PBXFileReference; lastKnownFileType = sourcecode.c.objc; path = HostAccessArrayController.m; sourceTree = "<group>"; };
		6EB1E71E15F273350093F784 /* HostAccessPreferences.h */ = {isa = PBXFileReference; lastKnownFileType = sourcecode.c.h; path = HostAccessPreferences.h; sourceTree = "<group>"; };
		6EB1E71F15F273350093F784 /* HostAccessPreferences.m */ = {isa = PBXFileReference; lastKnownFileType = sourcecode.c.objc; path = HostAccessPreferences.m; sourceTree = "<group>"; };
		6EB1E72015F273350093F784 /* IdentityGroupArrayController.h */ = {isa = PBXFileReference; lastKnownFileType = sourcecode.c.h; path = IdentityGroupArrayController.h; sourceTree = "<group>"; };
		6EB1E72115F273350093F784 /* IdentityGroupArrayController.m */ = {isa = PBXFileReference; lastKnownFileType = sourcecode.c.objc; path = IdentityGroupArrayController.m; sourceTree = "<group>"; };
		6EB1E72215F273350093F784 /* IdentityMapPreferences.h */ = {isa = PBXFileReference; lastKnownFileType = sourcecode.c.h; path = IdentityMapPreferences.h; sourceTree = "<group>"; };
		6EB1E72315F273350093F784 /* IdentityMapPreferences.m */ = {isa = PBXFileReference; lastKnownFileType = sourcecode.c.objc; path = IdentityMapPreferences.m; sourceTree = "<group>"; };
		6EB1E72415F273350093F784 /* IdentityUserArrayController.h */ = {isa = PBXFileReference; lastKnownFileType = sourcecode.c.h; path = IdentityUserArrayController.h; sourceTree = "<group>"; };
		6EB1E72515F273350093F784 /* IdentityUserArrayController.m */ = {isa = PBXFileReference; lastKnownFileType = sourcecode.c.objc; path = IdentityUserArrayController.m; sourceTree = "<group>"; };
		6EB1E72715F273350093F784 /* Bindings.h */ = {isa = PBXFileReference; lastKnownFileType = sourcecode.c.h; path = Bindings.h; sourceTree = "<group>"; };
		6EB1E72815F273350093F784 /* Bindings.m */ = {isa = PBXFileReference; lastKnownFileType = sourcecode.c.objc; path = Bindings.m; sourceTree = "<group>"; };
		6EB1E72915F273350093F784 /* Controller.h */ = {isa = PBXFileReference; lastKnownFileType = sourcecode.c.h; path = Controller.h; sourceTree = "<group>"; };
		6EB1E72A15F273350093F784 /* Controller.m */ = {isa = PBXFileReference; lastKnownFileType = sourcecode.c.objc; path = Controller.m; sourceTree = "<group>"; };
		6EB1E72D15F273350093F784 /* main.m */ = {isa = PBXFileReference; lastKnownFileType = sourcecode.c.objc; path = main.m; sourceTree = "<group>"; };
		6EB1E73B15F273350093F784 /* Application.h */ = {isa = PBXFileReference; lastKnownFileType = sourcecode.c.h; path = Application.h; sourceTree = "<group>"; };
		6EB1E73C15F273350093F784 /* Application.m */ = {isa = PBXFileReference; lastKnownFileType = sourcecode.c.objc; path = Application.m; sourceTree = "<group>"; };
		6EB1E73D15F273350093F784 /* main.m */ = {isa = PBXFileReference; lastKnownFileType = sourcecode.c.objc; path = main.m; sourceTree = "<group>"; };
		6EB1E73F15F273350093F784 /* PGServerKit-Info.plist */ = {isa = PBXFileReference; lastKnownFileType = text.plist.xml; path = "PGServerKit-Info.plist"; sourceTree = "<group>"; };
		6EB1E74015F273350093F784 /* PGServerKit.h */ = {isa = PBXFileReference; lastKnownFileType = sourcecode.c.h; path = PGServerKit.h; sourceTree = "<group>"; };
		6EB1E74315F273350093F784 /* FLXGeometry.h */ = {isa = PBXFileReference; lastKnownFileType = sourcecode.c.h; path = FLXGeometry.h; sourceTree = "<group>"; };
		6EB1E74415F273350093F784 /* FLXGeometry.m */ = {isa = PBXFileReference; lastKnownFileType = sourcecode.c.objc; path = FLXGeometry.m; sourceTree = "<group>"; };
		6EB1E74515F273350093F784 /* FLXMacAddr.h */ = {isa = PBXFileReference; lastKnownFileType = sourcecode.c.h; path = FLXMacAddr.h; sourceTree = "<group>"; };
		6EB1E74615F273350093F784 /* FLXMacAddr.m */ = {isa = PBXFileReference; lastKnownFileType = sourcecode.c.objc; path = FLXMacAddr.m; sourceTree = "<group>"; };
		6EB1E74715F273350093F784 /* FLXPostgresArray.h */ = {isa = PBXFileReference; lastKnownFileType = sourcecode.c.h; path = FLXPostgresArray.h; sourceTree = "<group>"; };
		6EB1E74815F273350093F784 /* FLXPostgresArray.m */ = {isa = PBXFileReference; lastKnownFileType = sourcecode.c.objc; path = FLXPostgresArray.m; sourceTree = "<group>"; };
		6EB1E74915F273350093F784 /* FLXPostgresConnection+Utils.h */ = {isa = PBXFileReference; lastKnownFileType = sourcecode.c.h; path = "FLXPostgresConnection+Utils.h"; sourceTree = "<group>"; };
		6EB1E74A15F273350093F784 /* FLXPostgresConnection+Utils.m */ = {isa = PBXFileReference; lastKnownFileType = sourcecode.c.objc; path = "FLXPostgresConnection+Utils.m"; sourceTree = "<group>"; };
		6EB1E74B15F273350093F784 /* FLXPostgresConnection.h */ = {isa = PBXFileReference; lastKnownFileType = sourcecode.c.h; path = FLXPostgresConnection.h; sourceTree = "<group>"; };
		6EB1E74C15F273350093F784 /* FLXPostgresConnection.m */ = {isa = PBXFileReference; lastKnownFileType = sourcecode.c.objc; path = FLXPostgresConnection.m; sourceTree = "<group>"; };
		6EB1E74D15F273350093F784 /* FLXPostgresException.h */ = {isa = PBXFileReference; lastKnownFileType = sourcecode.c.h; path = FLXPostgresException.h; sourceTree = "<group>"; };
		6EB1E74E15F273350093F784 /* FLXPostgresException.m */ = {isa = PBXFileReference; lastKnownFileType = sourcecode.c.objc; path = FLXPostgresException.m; sourceTree = "<group>"; };
		6EB1E74F15F273350093F784 /* FLXPostgresResult.h */ = {isa = PBXFileReference; lastKnownFileType = sourcecode.c.h; path = FLXPostgresResult.h; sourceTree = "<group>"; };
		6EB1E75015F273350093F784 /* FLXPostgresResult.m */ = {isa = PBXFileReference; lastKnownFileType = sourcecode.c.objc; path = FLXPostgresResult.m; sourceTree = "<group>"; };
		6EB1E75115F273350093F784 /* FLXPostgresStatement.h */ = {isa = PBXFileReference; lastKnownFileType = sourcecode.c.h; path = FLXPostgresStatement.h; sourceTree = "<group>"; };
		6EB1E75215F273350093F784 /* FLXPostgresStatement.m */ = {isa = PBXFileReference; lastKnownFileType = sourcecode.c.objc; path = FLXPostgresStatement.m; sourceTree = "<group>"; };
		6EB1E75315F273350093F784 /* FLXPostgresTypeNSNumber.h */ = {isa = PBXFileReference; lastKnownFileType = sourcecode.c.h; path = FLXPostgresTypeNSNumber.h; sourceTree = "<group>"; };
		6EB1E75415F273350093F784 /* FLXPostgresTypeNSNumber.m */ = {isa = PBXFileReference; lastKnownFileType = sourcecode.c.objc; path = FLXPostgresTypeNSNumber.m; sourceTree = "<group>"; };
		6EB1E75515F273350093F784 /* FLXPostgresTypeNSString.h */ = {isa = PBXFileReference; lastKnownFileType = sourcecode.c.h; path = FLXPostgresTypeNSString.h; sourceTree = "<group>"; };
		6EB1E75615F273350093F784 /* FLXPostgresTypeNSString.m */ = {isa = PBXFileReference; lastKnownFileType = sourcecode.c.objc; path = FLXPostgresTypeNSString.m; sourceTree = "<group>"; };
		6EB1E75715F273350093F784 /* FLXPostgresTypes+Array.h */ = {isa = PBXFileReference; lastKnownFileType = sourcecode.c.h; path = "FLXPostgresTypes+Array.h"; sourceTree = "<group>"; };
		6EB1E75815F273350093F784 /* FLXPostgresTypes+Array.m */ = {isa = PBXFileReference; lastKnownFileType = sourcecode.c.objc; path = "FLXPostgresTypes+Array.m"; sourceTree = "<group>"; };
		6EB1E75915F273350093F784 /* FLXPostgresTypes+DateTime.h */ = {isa = PBXFileReference; lastKnownFileType = sourcecode.c.h; path = "FLXPostgresTypes+DateTime.h"; sourceTree = "<group>"; };
		6EB1E75A15F273350093F784 /* FLXPostgresTypes+DateTime.m */ = {isa = PBXFileReference; lastKnownFileType = sourcecode.c.objc; path = "FLXPostgresTypes+DateTime.m"; sourceTree = "<group>"; };
		6EB1E75B15F273350093F784 /* FLXPostgresTypes+Geometry.h */ = {isa = PBXFileReference; lastKnownFileType = sourcecode.c.h; path = "FLXPostgresTypes+Geometry.h"; sourceTree = "<group>"; };
		6EB1E75C15F273350093F784 /* FLXPostgresTypes+Geometry.m */ = {isa = PBXFileReference; lastKnownFileType = sourcecode.c.objc; path = "FLXPostgresTypes+Geometry.m"; sourceTree = "<group>"; };
		6EB1E75D15F273350093F784 /* FLXPostgresTypes+NetAddr.h */ = {isa = PBXFileReference; lastKnownFileType = sourcecode.c.h; path = "FLXPostgresTypes+NetAddr.h"; sourceTree = "<group>"; };
		6EB1E75E15F273350093F784 /* FLXPostgresTypes+NetAddr.m */ = {isa = PBXFileReference; lastKnownFileType = sourcecode.c.objc; path = "FLXPostgresTypes+NetAddr.m"; sourceTree = "<group>"; };
		6EB1E75F15F273350093F784 /* FLXPostgresTypes+NSData.h */ = {isa = PBXFileReference; lastKnownFileType = sourcecode.c.h; path = "FLXPostgresTypes+NSData.h"; sourceTree = "<group>"; };
		6EB1E76015F273350093F784 /* FLXPostgresTypes+NSData.m */ = {isa = PBXFileReference; lastKnownFileType = sourcecode.c.objc; path = "FLXPostgresTypes+NSData.m"; sourceTree = "<group>"; };
		6EB1E76115F273350093F784 /* FLXPostgresTypes+NSNumber.h */ = {isa = PBXFileReference; lastKnownFileType = sourcecode.c.h; path = "FLXPostgresTypes+NSNumber.h"; sourceTree = "<group>"; };
		6EB1E76215F273350093F784 /* FLXPostgresTypes+NSNumber.m */ = {isa = PBXFileReference; lastKnownFileType = sourcecode.c.objc; path = "FLXPostgresTypes+NSNumber.m"; sourceTree = "<group>"; };
		6EB1E76315F273350093F784 /* FLXPostgresTypes.h */ = {isa = PBXFileReference; lastKnownFileType = sourcecode.c.h; path = FLXPostgresTypes.h; sourceTree = "<group>"; };
		6EB1E76415F273350093F784 /* FLXPostgresTypes.m */ = {isa = PBXFileReference; lastKnownFileType = sourcecode.c.objc; path = FLXPostgresTypes.m; sourceTree = "<group>"; };
		6EB1E76515F273350093F784 /* FLXTimeInterval.h */ = {isa = PBXFileReference; lastKnownFileType = sourcecode.c.h; path = FLXTimeInterval.h; sourceTree = "<group>"; };
		6EB1E76615F273350093F784 /* FLXTimeInterval.m */ = {isa = PBXFileReference; lastKnownFileType = sourcecode.c.objc; path = FLXTimeInterval.m; sourceTree = "<group>"; };
		6EB1E76715F273350093F784 /* PostgresClientKit.h */ = {isa = PBXFileReference; lastKnownFileType = sourcecode.c.h; path = PostgresClientKit.h; sourceTree = "<group>"; };
		6EB1E76815F273350093F784 /* PostgresClientKitPrivate.h */ = {isa = PBXFileReference; lastKnownFileType = sourcecode.c.h; path = PostgresClientKitPrivate.h; sourceTree = "<group>"; };
		6EB1E76A15F273350093F784 /* FLXPostgresConnection+DataUtils.h */ = {isa = PBXFileReference; lastKnownFileType = sourcecode.c.h; path = "FLXPostgresConnection+DataUtils.h"; sourceTree = "<group>"; };
		6EB1E76B15F273350093F784 /* FLXPostgresConnection+DataUtils.m */ = {isa = PBXFileReference; lastKnownFileType = sourcecode.c.objc; path = "FLXPostgresConnection+DataUtils.m"; sourceTree = "<group>"; };
		6EB1E76C15F273350093F784 /* FLXPostgresDataCache.h */ = {isa = PBXFileReference; lastKnownFileType = sourcecode.c.h; path = FLXPostgresDataCache.h; sourceTree = "<group>"; };
		6EB1E76D15F273350093F784 /* FLXPostgresDataCache.m */ = {isa = PBXFileReference; lastKnownFileType = sourcecode.c.objc; path = FLXPostgresDataCache.m; sourceTree = "<group>"; };
		6EB1E76E15F273350093F784 /* FLXPostgresDataObject.h */ = {isa = PBXFileReference; lastKnownFileType = sourcecode.c.h; path = FLXPostgresDataObject.h; sourceTree = "<group>"; };
		6EB1E76F15F273350093F784 /* FLXPostgresDataObject.m */ = {isa = PBXFileReference; lastKnownFileType = sourcecode.c.objc; path = FLXPostgresDataObject.m; sourceTree = "<group>"; };
		6EB1E77015F273350093F784 /* FLXPostgresDataObjectContext.h */ = {isa = PBXFileReference; lastKnownFileType = sourcecode.c.h; path = FLXPostgresDataObjectContext.h; sourceTree = "<group>"; };
		6EB1E77115F273350093F784 /* FLXPostgresDataObjectContext.m */ = {isa = PBXFileReference; lastKnownFileType = sourcecode.c.objc; path = FLXPostgresDataObjectContext.m; sourceTree = "<group>"; };
		6EB1E77215F273350093F784 /* PostgresDataKit.h */ = {isa = PBXFileReference; lastKnownFileType = sourcecode.c.h; path = PostgresDataKit.h; sourceTree = "<group>"; };
		6EB1E77315F273350093F784 /* PostgresDataKitPrivate.h */ = {isa = PBXFileReference; lastKnownFileType = sourcecode.c.h; path = PostgresDataKitPrivate.h; sourceTree = "<group>"; };
		6EB1E77515F273350093F784 /* PostgresInstallerMain.m */ = {isa = PBXFileReference; lastKnownFileType = sourcecode.c.objc; path = PostgresInstallerMain.m; sourceTree = "<group>"; };
		6EB1E77615F273350093F784 /* PostgresPrefPaneBindings.h */ = {isa = PBXFileReference; lastKnownFileType = sourcecode.c.h; path = PostgresPrefPaneBindings.h; sourceTree = "<group>"; };
		6EB1E77715F273350093F784 /* PostgresPrefPaneBindings.m */ = {isa = PBXFileReference; lastKnownFileType = sourcecode.c.objc; path = PostgresPrefPaneBindings.m; sourceTree = "<group>"; };
		6EB1E77815F273350093F784 /* PostgresPrefPaneController.h */ = {isa = PBXFileReference; lastKnownFileType = sourcecode.c.h; path = PostgresPrefPaneController.h; sourceTree = "<group>"; };
		6EB1E77915F273350093F784 /* PostgresPrefPaneController.m */ = {isa = PBXFileReference; lastKnownFileType = sourcecode.c.objc; path = PostgresPrefPaneController.m; sourceTree = "<group>"; };
		6EB1E77A15F273350093F784 /* PostgresPrefPaneShared.h */ = {isa = PBXFileReference; lastKnownFileType = sourcecode.c.h; path = PostgresPrefPaneShared.h; sourceTree = "<group>"; };
		6EB1E77B15F273350093F784 /* PostgresPrefPaneShared.m */ = {isa = PBXFileReference; lastKnownFileType = sourcecode.c.objc; path = PostgresPrefPaneShared.m; sourceTree = "<group>"; };
		6EB1E77C15F273350093F784 /* PostgresServerApp.h */ = {isa = PBXFileReference; lastKnownFileType = sourcecode.c.h; path = PostgresServerApp.h; sourceTree = "<group>"; };
		6EB1E77D15F273350093F784 /* PostgresServerApp.m */ = {isa = PBXFileReference; lastKnownFileType = sourcecode.c.objc; path = PostgresServerApp.m; sourceTree = "<group>"; };
		6EB1E77E15F273350093F784 /* PostgresServerKeychain.h */ = {isa = PBXFileReference; lastKnownFileType = sourcecode.c.h; path = PostgresServerKeychain.h; sourceTree = "<group>"; };
		6EB1E77F15F273350093F784 /* PostgresServerKeychain.m */ = {isa = PBXFileReference; lastKnownFileType = sourcecode.c.objc; path = PostgresServerKeychain.m; sourceTree = "<group>"; };
		6EB1E78015F273350093F784 /* PostgresServerMain.m */ = {isa = PBXFileReference; lastKnownFileType = sourcecode.c.objc; path = PostgresServerMain.m; sourceTree = "<group>"; };
		6EB1E78215F273350093F784 /* FLXPostgresServer+Access.h */ = {isa = PBXFileReference; lastKnownFileType = sourcecode.c.h; path = "FLXPostgresServer+Access.h"; sourceTree = "<group>"; };
		6EB1E78315F273350093F784 /* FLXPostgresServer+Access.m */ = {isa = PBXFileReference; lastKnownFileType = sourcecode.c.objc; path = "FLXPostgresServer+Access.m"; sourceTree = "<group>"; };
		6EB1E78415F273350093F784 /* FLXPostgresServer.h */ = {isa = PBXFileReference; lastKnownFileType = sourcecode.c.h; path = FLXPostgresServer.h; sourceTree = "<group>"; };
		6EB1E78515F273350093F784 /* FLXPostgresServer.m */ = {isa = PBXFileReference; lastKnownFileType = sourcecode.c.objc; path = FLXPostgresServer.m; sourceTree = "<group>"; };
		6EB1E78615F273350093F784 /* FLXPostgresServerAccessTuple.h */ = {isa = PBXFileReference; lastKnownFileType = sourcecode.c.h; path = FLXPostgresServerAccessTuple.h; sourceTree = "<group>"; };
		6EB1E78715F273350093F784 /* FLXPostgresServerAccessTuple.m */ = {isa = PBXFileReference; lastKnownFileType = sourcecode.c.objc; path = FLXPostgresServerAccessTuple.m; sourceTree = "<group>"; };
		6EB1E78815F273350093F784 /* FLXPostgresServerIdentityTuple.h */ = {isa = PBXFileReference; lastKnownFileType = sourcecode.c.h; path = FLXPostgresServerIdentityTuple.h; sourceTree = "<group>"; };
		6EB1E78915F273350093F784 /* FLXPostgresServerIdentityTuple.m */ = {isa = PBXFileReference; lastKnownFileType = sourcecode.c.objc; path = FLXPostgresServerIdentityTuple.m; sourceTree = "<group>"; };
		6EB1E78A15F273350093F784 /* PostgresServerKit.h */ = {isa = PBXFileReference; lastKnownFileType = sourcecode.c.h; path = PostgresServerKit.h; sourceTree = "<group>"; };
		6EB1E78B15F273350093F784 /* PostgresServerKitPrivate.h */ = {isa = PBXFileReference; lastKnownFileType = sourcecode.c.h; path = PostgresServerKitPrivate.h; sourceTree = "<group>"; };
		6EB1E78D15F273350093F784 /* ClientConnection.h */ = {isa = PBXFileReference; lastKnownFileType = sourcecode.c.h; path = ClientConnection.h; sourceTree = "<group>"; };
		6EB1E78E15F273350093F784 /* ClientConnection.m */ = {isa = PBXFileReference; lastKnownFileType = sourcecode.c.objc; path = ClientConnection.m; sourceTree = "<group>"; };
		6EB1E78F15F273350093F784 /* TypeTests+NSString.h */ = {isa = PBXFileReference; lastKnownFileType = sourcecode.c.h; path = "TypeTests+NSString.h"; sourceTree = "<group>"; };
		6EB1E79015F273350093F784 /* TypeTests+NSString.m */ = {isa = PBXFileReference; lastKnownFileType = sourcecode.c.objc; path = "TypeTests+NSString.m"; sourceTree = "<group>"; };
		6ECA7AD715F3635A00AF2B70 /* main.m */ = {isa = PBXFileReference; lastKnownFileType = sourcecode.c.objc; path = main.m; sourceTree = "<group>"; };
		6ECA7ADC15F3637600AF2B70 /* PGFoundationServer */ = {isa = PBXFileReference; explicitFileType = "compiled.mach-o.executable"; includeInIndex = 0; path = PGFoundationServer; sourceTree = BUILT_PRODUCTS_DIR; };
		6ED763FB15F2673600687079 /* PGServerKit.framework */ = {isa = PBXFileReference; explicitFileType = wrapper.framework; includeInIndex = 0; path = PGServerKit.framework; sourceTree = BUILT_PRODUCTS_DIR; };
		6ED7640315F2673600687079 /* Foundation.framework */ = {isa = PBXFileReference; lastKnownFileType = wrapper.framework; name = Foundation.framework; path = System/Library/Frameworks/Foundation.framework; sourceTree = SDKROOT; };
		6ED85B4616288C4800A6DC02 /* PGClientKit.framework */ = {isa = PBXFileReference; explicitFileType = wrapper.framework; includeInIndex = 0; path = PGClientKit.framework; sourceTree = BUILT_PRODUCTS_DIR; };
		6ED85B4816288CDE00A6DC02 /* PGClientKit.plist */ = {isa = PBXFileReference; lastKnownFileType = text.plist.xml; path = PGClientKit.plist; sourceTree = "<group>"; };
		6ED85B4916288D0200A6DC02 /* PGClientKit.h */ = {isa = PBXFileReference; lastKnownFileType = sourcecode.c.h; path = PGClientKit.h; sourceTree = "<group>"; };
		6EDFA08215F3FCDF000C7BA4 /* PGServer+Backup.h */ = {isa = PBXFileReference; fileEncoding = 4; lastKnownFileType = sourcecode.c.h; path = "PGServer+Backup.h"; sourceTree = "<group>"; };
		6EDFA08315F3FCDF000C7BA4 /* PGServer+Backup.m */ = {isa = PBXFileReference; fileEncoding = 4; lastKnownFileType = sourcecode.c.objc; path = "PGServer+Backup.m"; sourceTree = "<group>"; };
		6EE23F5A1631EF7500C99BA7 /* PGClientKit+Private.h */ = {isa = PBXFileReference; fileEncoding = 4; lastKnownFileType = sourcecode.c.h; path = "PGClientKit+Private.h"; sourceTree = "<group>"; };
		6EE23F5B1631EF7500C99BA7 /* PGConnection.h */ = {isa = PBXFileReference; fileEncoding = 4; lastKnownFileType = sourcecode.c.h; path = PGConnection.h; sourceTree = "<group>"; };
		6EE23F5C1631EF7500C99BA7 /* PGConnection.m */ = {isa = PBXFileReference; fileEncoding = 4; lastKnownFileType = sourcecode.c.objc; path = PGConnection.m; sourceTree = "<group>"; };
		6EEE176216287D7A0029ACDC /* ConfigurationPrefs.h */ = {isa = PBXFileReference; fileEncoding = 4; lastKnownFileType = sourcecode.c.h; path = ConfigurationPrefs.h; sourceTree = "<group>"; };
		6EEE176316287D7A0029ACDC /* ConfigurationPrefs.m */ = {isa = PBXFileReference; fileEncoding = 4; lastKnownFileType = sourcecode.c.objc; path = ConfigurationPrefs.m; sourceTree = "<group>"; };
		6EF30CF215F3957900EE0656 /* PGServer.app */ = {isa = PBXFileReference; explicitFileType = wrapper.application; includeInIndex = 0; path = PGServer.app; sourceTree = BUILT_PRODUCTS_DIR; };
		6EF30CFB15F3957900EE0656 /* PGServer-Info.plist */ = {isa = PBXFileReference; lastKnownFileType = text.plist.xml; path = "PGServer-Info.plist"; sourceTree = "<group>"; };
		6EF30D0515F3957900EE0656 /* AppDelegate.h */ = {isa = PBXFileReference; lastKnownFileType = sourcecode.c.h; path = AppDelegate.h; sourceTree = "<group>"; };
		6EF30D0615F3957900EE0656 /* AppDelegate.m */ = {isa = PBXFileReference; lastKnownFileType = sourcecode.c.objc; path = AppDelegate.m; sourceTree = "<group>"; };
		6EF30D1015F396D000EE0656 /* PGServer.xib */ = {isa = PBXFileReference; fileEncoding = 4; lastKnownFileType = file.xib; path = PGServer.xib; sourceTree = "<group>"; };
/* End PBXFileReference section */

/* Begin PBXFrameworksBuildPhase section */
		6E4DEC82162CC38D008B26BD /* Frameworks */ = {
			isa = PBXFrameworksBuildPhase;
			buildActionMask = 2147483647;
			files = (
				6E4DEC96162CC5E6008B26BD /* PGClientKit.framework in Frameworks */,
				6E4DEC87162CC38D008B26BD /* Foundation.framework in Frameworks */,
			);
			runOnlyForDeploymentPostprocessing = 0;
		};
		6ECA7AD915F3637600AF2B70 /* Frameworks */ = {
			isa = PBXFrameworksBuildPhase;
			buildActionMask = 2147483647;
			files = (
				6ECA7ADE15F3637600AF2B70 /* Foundation.framework in Frameworks */,
				6ECA7AEA15F363C400AF2B70 /* PGServerKit.framework in Frameworks */,
			);
			runOnlyForDeploymentPostprocessing = 0;
		};
		6ED763F715F2673600687079 /* Frameworks */ = {
			isa = PBXFrameworksBuildPhase;
			buildActionMask = 2147483647;
			files = (
				6E48B36F1605E34A0044A6CB /* libz.1.2.5.dylib in Frameworks */,
			);
			runOnlyForDeploymentPostprocessing = 0;
		};
		6ED85B3B16288C4800A6DC02 /* Frameworks */ = {
			isa = PBXFrameworksBuildPhase;
			buildActionMask = 2147483647;
			files = (
				6E4DEC7B162CC19C008B26BD /* libcrypto.0.9.8.dylib in Frameworks */,
				6E4DEC7E162CC252008B26BD /* libssl.0.9.8.dylib in Frameworks */,
			);
			runOnlyForDeploymentPostprocessing = 0;
		};
		6EF30CEF15F3957900EE0656 /* Frameworks */ = {
			isa = PBXFrameworksBuildPhase;
			buildActionMask = 2147483647;
			files = (
				6EF30CF415F3957900EE0656 /* Cocoa.framework in Frameworks */,
				6EF30D1215F3975F00EE0656 /* PGServerKit.framework in Frameworks */,
			);
			runOnlyForDeploymentPostprocessing = 0;
		};
/* End PBXFrameworksBuildPhase section */

/* Begin PBXGroup section */
		6E1B43DC15F3A465001ED3BE /* resources */ = {
			isa = PBXGroup;
			children = (
				6E1B43DD15F3A465001ED3BE /* backup.tiff */,
				6E1B43DE15F3A465001ED3BE /* clear.tiff */,
				6E1B43DF15F3A465001ED3BE /* ClientConnect-Info.plist */,
				6E1B43E015F3A465001ED3BE /* ClientConnect.xib */,
				6E1B43E115F3A465001ED3BE /* CocoaServer-Info.plist */,
				6E1B43E215F3A465001ED3BE /* CocoaServer.xib */,
				6E1B43E315F3A465001ED3BE /* ConnectPanel.xib */,
				6E1B43E415F3A465001ED3BE /* elephant-32.png */,
				6E1B43E515F3A465001ED3BE /* elephant-512.png */,
				6E1B43E615F3A465001ED3BE /* elephant-64.png */,
				6E1B43E715F3A465001ED3BE /* elephant.icns */,
				6E1B43E815F3A465001ED3BE /* EmbeddedServer-Info.plist */,
				6E1B43E915F3A465001ED3BE /* EmbeddedServer.xib */,
				6E1B43EA15F3A465001ED3BE /* gear-14x14.png */,
				6E1B43EB15F3A465001ED3BE /* gradient-1.png */,
				6E1B43EC15F3A465001ED3BE /* green.tiff */,
				6E1B43ED15F3A465001ED3BE /* logo_w_elephant.pdf */,
				6E1B43EE15F3A465001ED3BE /* PostgresClientKit-Info.plist */,
				6E1B43EF15F3A465001ED3BE /* PostgresDataKit-Info.plist */,
				6E1B43F015F3A465001ED3BE /* PostgresPrefPane-Info.plist */,
				6E1B43F115F3A465001ED3BE /* PostgresPrefPane-nib.xib */,
				6E1B43F215F3A465001ED3BE /* PostgresPrefPaneServerStartupItem.plist */,
				6E1B43F315F3A465001ED3BE /* PostgresServerKit-Info.plist */,
				6E1B43F415F3A465001ED3BE /* red.tiff */,
				6E1B43F515F3A465001ED3BE /* select.tiff */,
				6E1B43F615F3A465001ED3BE /* start.tiff */,
				6E1B43F715F3A465001ED3BE /* stop.tiff */,
				6E1B43F815F3A465001ED3BE /* stop2.tiff */,
				6E1B43F915F3A465001ED3BE /* strapline-200x40.png */,
				6E1B43FA15F3A465001ED3BE /* UnitTests-Info.plist */,
				6E1B43FB15F3A465001ED3BE /* yellow.tiff */,
			);
			path = resources;
			sourceTree = "<group>";
		};
		6E256FDC15F252620079AD2D = {
			isa = PBXGroup;
			children = (
				6E256FE815F252B40079AD2D /* doc */,
				6E256FE915F252B40079AD2D /* etc */,
				6E256FEC15F252B40079AD2D /* tar */,
				6E1B43DC15F3A465001ED3BE /* resources */,
				6EB1E70A15F273350093F784 /* src */,
				6ED763FD15F2673600687079 /* Frameworks */,
				6ED763FC15F2673600687079 /* Products */,
			);
			sourceTree = "<group>";
		};
		6E4DEC7F162CC2E7008B26BD /* PGFoundationClient */ = {
			isa = PBXGroup;
			children = (
				6E4DEC80162CC307008B26BD /* main.m */,
				6E11AC0D162F4722009A077C /* Application.h */,
				6E11AC0E162F4722009A077C /* Application.m */,
			);
			path = PGFoundationClient;
			sourceTree = "<group>";
		};
		6EB1E70A15F273350093F784 /* src */ = {
			isa = PBXGroup;
			children = (
				6EB1E70B15F273350093F784 /* Example */,
				6EB1E73E15F273350093F784 /* PGServerKit */,
				6ED85B3316288BEF00A6DC02 /* PGClientKit */,
				6EB1E74215F273350093F784 /* PostgresClientKit */,
				6EB1E76915F273350093F784 /* PostgresDataKit */,
				6EB1E77415F273350093F784 /* PostgresPrefPane */,
				6EB1E78115F273350093F784 /* PostgresServerKit */,
				6EB1E78C15F273350093F784 /* UnitTests */,
			);
			path = src;
			sourceTree = "<group>";
		};
		6EB1E70B15F273350093F784 /* Example */ = {
			isa = PBXGroup;
			children = (
				6E4DEC7F162CC2E7008B26BD /* PGFoundationClient */,
				6ECA7AD615F3635A00AF2B70 /* PGFoundationServer */,
				6EF30CF915F3957900EE0656 /* PGServer */,
				6EB1E70C15F273350093F784 /* ClientConnect */,
				6EB1E71515F273350093F784 /* CocoaServer */,
				6EB1E72615F273350093F784 /* EmbeddedServer */,
				6EB1E72D15F273350093F784 /* main.m */,
				6EB1E73A15F273350093F784 /* TypeTests */,
			);
			path = Example;
			sourceTree = "<group>";
		};
		6EB1E70C15F273350093F784 /* ClientConnect */ = {
			isa = PBXGroup;
			children = (
				6EB1E70D15F273350093F784 /* Controller.h */,
				6EB1E70E15F273350093F784 /* Controller.m */,
				6EB1E70F15F273350093F784 /* FLXPostgresConnectSetting.h */,
				6EB1E71015F273350093F784 /* FLXPostgresConnectSetting.m */,
				6EB1E71115F273350093F784 /* FLXPostgresConnectWindowController.h */,
				6EB1E71215F273350093F784 /* FLXPostgresConnectWindowController.m */,
				6EB1E71315F273350093F784 /* FLXTaggedView.h */,
				6EB1E71415F273350093F784 /* FLXTaggedView.m */,
			);
			path = ClientConnect;
			sourceTree = "<group>";
		};
		6EB1E71515F273350093F784 /* CocoaServer */ = {
			isa = PBXGroup;
			children = (
				6EB1E71615F273350093F784 /* AppDelegate.h */,
				6EB1E71715F273350093F784 /* AppDelegate.m */,
				6EB1E71815F273350093F784 /* BackupPreferences.h */,
				6EB1E71915F273350093F784 /* BackupPreferences.m */,
				6EB1E71A15F273350093F784 /* ConnectionPreferences.h */,
				6EB1E71B15F273350093F784 /* ConnectionPreferences.m */,
				6EB1E71C15F273350093F784 /* HostAccessArrayController.h */,
				6EB1E71D15F273350093F784 /* HostAccessArrayController.m */,
				6EB1E71E15F273350093F784 /* HostAccessPreferences.h */,
				6EB1E71F15F273350093F784 /* HostAccessPreferences.m */,
				6EB1E72015F273350093F784 /* IdentityGroupArrayController.h */,
				6EB1E72115F273350093F784 /* IdentityGroupArrayController.m */,
				6EB1E72215F273350093F784 /* IdentityMapPreferences.h */,
				6EB1E72315F273350093F784 /* IdentityMapPreferences.m */,
				6EB1E72415F273350093F784 /* IdentityUserArrayController.h */,
				6EB1E72515F273350093F784 /* IdentityUserArrayController.m */,
			);
			path = CocoaServer;
			sourceTree = "<group>";
		};
		6EB1E72615F273350093F784 /* EmbeddedServer */ = {
			isa = PBXGroup;
			children = (
				6EB1E72715F273350093F784 /* Bindings.h */,
				6EB1E72815F273350093F784 /* Bindings.m */,
				6EB1E72915F273350093F784 /* Controller.h */,
				6EB1E72A15F273350093F784 /* Controller.m */,
			);
			path = EmbeddedServer;
			sourceTree = "<group>";
		};
		6EB1E73A15F273350093F784 /* TypeTests */ = {
			isa = PBXGroup;
			children = (
				6EB1E73B15F273350093F784 /* Application.h */,
				6EB1E73C15F273350093F784 /* Application.m */,
				6EB1E73D15F273350093F784 /* main.m */,
			);
			path = TypeTests;
			sourceTree = "<group>";
		};
		6EB1E73E15F273350093F784 /* PGServerKit */ = {
			isa = PBXGroup;
			children = (
				6EB1E73F15F273350093F784 /* PGServerKit-Info.plist */,
				6EB1E74015F273350093F784 /* PGServerKit.h */,
				6EDFA08215F3FCDF000C7BA4 /* PGServer+Backup.h */,
				6EDFA08315F3FCDF000C7BA4 /* PGServer+Backup.m */,
				6E48B370160604270044A6CB /* PGServer+Private.h */,
				6EA41EEE1610E7DB00E81046 /* PGServer.h */,
				6EA41EEF1610E7DB00E81046 /* PGServer.m */,
			);
			path = PGServerKit;
			sourceTree = "<group>";
		};
		6EB1E74215F273350093F784 /* PostgresClientKit */ = {
			isa = PBXGroup;
			children = (
				6EB1E74315F273350093F784 /* FLXGeometry.h */,
				6EB1E74415F273350093F784 /* FLXGeometry.m */,
				6EB1E74515F273350093F784 /* FLXMacAddr.h */,
				6EB1E74615F273350093F784 /* FLXMacAddr.m */,
				6EB1E74715F273350093F784 /* FLXPostgresArray.h */,
				6EB1E74815F273350093F784 /* FLXPostgresArray.m */,
				6EB1E74915F273350093F784 /* FLXPostgresConnection+Utils.h */,
				6EB1E74A15F273350093F784 /* FLXPostgresConnection+Utils.m */,
				6EB1E74B15F273350093F784 /* FLXPostgresConnection.h */,
				6EB1E74C15F273350093F784 /* FLXPostgresConnection.m */,
				6EB1E74D15F273350093F784 /* FLXPostgresException.h */,
				6EB1E74E15F273350093F784 /* FLXPostgresException.m */,
				6EB1E74F15F273350093F784 /* FLXPostgresResult.h */,
				6EB1E75015F273350093F784 /* FLXPostgresResult.m */,
				6EB1E75115F273350093F784 /* FLXPostgresStatement.h */,
				6EB1E75215F273350093F784 /* FLXPostgresStatement.m */,
				6EB1E75315F273350093F784 /* FLXPostgresTypeNSNumber.h */,
				6EB1E75415F273350093F784 /* FLXPostgresTypeNSNumber.m */,
				6EB1E75515F273350093F784 /* FLXPostgresTypeNSString.h */,
				6EB1E75615F273350093F784 /* FLXPostgresTypeNSString.m */,
				6EB1E75715F273350093F784 /* FLXPostgresTypes+Array.h */,
				6EB1E75815F273350093F784 /* FLXPostgresTypes+Array.m */,
				6EB1E75915F273350093F784 /* FLXPostgresTypes+DateTime.h */,
				6EB1E75A15F273350093F784 /* FLXPostgresTypes+DateTime.m */,
				6EB1E75B15F273350093F784 /* FLXPostgresTypes+Geometry.h */,
				6EB1E75C15F273350093F784 /* FLXPostgresTypes+Geometry.m */,
				6EB1E75D15F273350093F784 /* FLXPostgresTypes+NetAddr.h */,
				6EB1E75E15F273350093F784 /* FLXPostgresTypes+NetAddr.m */,
				6EB1E75F15F273350093F784 /* FLXPostgresTypes+NSData.h */,
				6EB1E76015F273350093F784 /* FLXPostgresTypes+NSData.m */,
				6EB1E76115F273350093F784 /* FLXPostgresTypes+NSNumber.h */,
				6EB1E76215F273350093F784 /* FLXPostgresTypes+NSNumber.m */,
				6EB1E76315F273350093F784 /* FLXPostgresTypes.h */,
				6EB1E76415F273350093F784 /* FLXPostgresTypes.m */,
				6EB1E76515F273350093F784 /* FLXTimeInterval.h */,
				6EB1E76615F273350093F784 /* FLXTimeInterval.m */,
				6EB1E76715F273350093F784 /* PostgresClientKit.h */,
				6EB1E76815F273350093F784 /* PostgresClientKitPrivate.h */,
			);
			path = PostgresClientKit;
			sourceTree = "<group>";
		};
		6EB1E76915F273350093F784 /* PostgresDataKit */ = {
			isa = PBXGroup;
			children = (
				6EB1E76A15F273350093F784 /* FLXPostgresConnection+DataUtils.h */,
				6EB1E76B15F273350093F784 /* FLXPostgresConnection+DataUtils.m */,
				6EB1E76C15F273350093F784 /* FLXPostgresDataCache.h */,
				6EB1E76D15F273350093F784 /* FLXPostgresDataCache.m */,
				6EB1E76E15F273350093F784 /* FLXPostgresDataObject.h */,
				6EB1E76F15F273350093F784 /* FLXPostgresDataObject.m */,
				6EB1E77015F273350093F784 /* FLXPostgresDataObjectContext.h */,
				6EB1E77115F273350093F784 /* FLXPostgresDataObjectContext.m */,
				6EB1E77215F273350093F784 /* PostgresDataKit.h */,
				6EB1E77315F273350093F784 /* PostgresDataKitPrivate.h */,
			);
			path = PostgresDataKit;
			sourceTree = "<group>";
		};
		6EB1E77415F273350093F784 /* PostgresPrefPane */ = {
			isa = PBXGroup;
			children = (
				6EB1E77515F273350093F784 /* PostgresInstallerMain.m */,
				6EB1E77615F273350093F784 /* PostgresPrefPaneBindings.h */,
				6EB1E77715F273350093F784 /* PostgresPrefPaneBindings.m */,
				6EB1E77815F273350093F784 /* PostgresPrefPaneController.h */,
				6EB1E77915F273350093F784 /* PostgresPrefPaneController.m */,
				6EB1E77A15F273350093F784 /* PostgresPrefPaneShared.h */,
				6EB1E77B15F273350093F784 /* PostgresPrefPaneShared.m */,
				6EB1E77C15F273350093F784 /* PostgresServerApp.h */,
				6EB1E77D15F273350093F784 /* PostgresServerApp.m */,
				6EB1E77E15F273350093F784 /* PostgresServerKeychain.h */,
				6EB1E77F15F273350093F784 /* PostgresServerKeychain.m */,
				6EB1E78015F273350093F784 /* PostgresServerMain.m */,
			);
			path = PostgresPrefPane;
			sourceTree = "<group>";
		};
		6EB1E78115F273350093F784 /* PostgresServerKit */ = {
			isa = PBXGroup;
			children = (
				6EB1E78215F273350093F784 /* FLXPostgresServer+Access.h */,
				6EB1E78315F273350093F784 /* FLXPostgresServer+Access.m */,
				6EB1E78415F273350093F784 /* FLXPostgresServer.h */,
				6EB1E78515F273350093F784 /* FLXPostgresServer.m */,
				6EB1E78615F273350093F784 /* FLXPostgresServerAccessTuple.h */,
				6EB1E78715F273350093F784 /* FLXPostgresServerAccessTuple.m */,
				6EB1E78815F273350093F784 /* FLXPostgresServerIdentityTuple.h */,
				6EB1E78915F273350093F784 /* FLXPostgresServerIdentityTuple.m */,
				6EB1E78A15F273350093F784 /* PostgresServerKit.h */,
				6EB1E78B15F273350093F784 /* PostgresServerKitPrivate.h */,
			);
			path = PostgresServerKit;
			sourceTree = "<group>";
		};
		6EB1E78C15F273350093F784 /* UnitTests */ = {
			isa = PBXGroup;
			children = (
				6EB1E78D15F273350093F784 /* ClientConnection.h */,
				6EB1E78E15F273350093F784 /* ClientConnection.m */,
				6EB1E78F15F273350093F784 /* TypeTests+NSString.h */,
				6EB1E79015F273350093F784 /* TypeTests+NSString.m */,
			);
			path = UnitTests;
			sourceTree = "<group>";
		};
		6ECA7AD615F3635A00AF2B70 /* PGFoundationServer */ = {
			isa = PBXGroup;
			children = (
				6ECA7AD715F3635A00AF2B70 /* main.m */,
			);
			path = PGFoundationServer;
			sourceTree = "<group>";
		};
		6ED763FC15F2673600687079 /* Products */ = {
			isa = PBXGroup;
			children = (
				6ED763FB15F2673600687079 /* PGServerKit.framework */,
				6ECA7ADC15F3637600AF2B70 /* PGFoundationServer */,
				6EF30CF215F3957900EE0656 /* PGServer.app */,
				6ED85B4616288C4800A6DC02 /* PGClientKit.framework */,
				6E4DEC85162CC38D008B26BD /* PGFoundationClient */,
			);
			name = Products;
			sourceTree = "<group>";
		};
		6ED763FD15F2673600687079 /* Frameworks */ = {
			isa = PBXGroup;
			children = (
				6E4DEC7D162CC252008B26BD /* libssl.0.9.8.dylib */,
				6E4DEC7A162CC19C008B26BD /* libcrypto.0.9.8.dylib */,
				6E48B36E1605E34A0044A6CB /* libz.1.2.5.dylib */,
				6E8C167F15F26BF20013A382 /* AppKit.framework */,
				6E8C168115F26BF20013A382 /* Foundation.framework */,
				6EB1E6F415F271C70093F784 /* CoreData.framework */,
				6ED7640315F2673600687079 /* Foundation.framework */,
				6E8C167C15F26BF20013A382 /* Cocoa.framework */,
			);
			name = Frameworks;
			sourceTree = "<group>";
		};
		6ED85B3316288BEF00A6DC02 /* PGClientKit */ = {
			isa = PBXGroup;
			children = (
				6ED85B4916288D0200A6DC02 /* PGClientKit.h */,
				6EE23F5A1631EF7500C99BA7 /* PGClientKit+Private.h */,
				6EE23F5B1631EF7500C99BA7 /* PGConnection.h */,
				6EE23F5C1631EF7500C99BA7 /* PGConnection.m */,
				6E03102E162FE50B003225B1 /* PGStatement.h */,
				6E03102F162FE50B003225B1 /* PGStatement.m */,
				6E09781F1631AFAB0000A097 /* PGConnectionPool.h */,
				6E0978201631AFAB0000A097 /* PGConnectionPool.m */,
				6E0978241631CEAA0000A097 /* PGResult.h */,
				6E0978251631CEAA0000A097 /* PGResult.m */,
				6ED85B4816288CDE00A6DC02 /* PGClientKit.plist */,
			);
			path = PGClientKit;
			sourceTree = "<group>";
		};
		6EF30CF915F3957900EE0656 /* PGServer */ = {
			isa = PBXGroup;
			children = (
				6EF30CFB15F3957900EE0656 /* PGServer-Info.plist */,
				6EF30D1015F396D000EE0656 /* PGServer.xib */,
				6EF30D0515F3957900EE0656 /* AppDelegate.h */,
				6EF30D0615F3957900EE0656 /* AppDelegate.m */,
				6E6679501606387B00EF8E98 /* ConnectionPrefs.h */,
				6E6679511606387B00EF8E98 /* ConnectionPrefs.m */,
				6EEE176216287D7A0029ACDC /* ConfigurationPrefs.h */,
				6EEE176316287D7A0029ACDC /* ConfigurationPrefs.m */,
			);
			path = PGServer;
			sourceTree = "<group>";
		};
/* End PBXGroup section */

/* Begin PBXHeadersBuildPhase section */
		6ED763F815F2673600687079 /* Headers */ = {
			isa = PBXHeadersBuildPhase;
			buildActionMask = 2147483647;
			files = (
				6EB1E79615F282910093F784 /* PGServerKit.h in Headers */,
				6EDFA08415F3FCDF000C7BA4 /* PGServer+Backup.h in Headers */,
				6EA41EF01610E7DB00E81046 /* PGServer.h in Headers */,
			);
			runOnlyForDeploymentPostprocessing = 0;
		};
		6ED85B3D16288C4800A6DC02 /* Headers */ = {
			isa = PBXHeadersBuildPhase;
			buildActionMask = 2147483647;
			files = (
				6E4DEC95162CC4AB008B26BD /* PGClientKit.h in Headers */,
				6E031030162FE50B003225B1 /* PGStatement.h in Headers */,
				6E0978211631AFAB0000A097 /* PGConnectionPool.h in Headers */,
				6E0978261631CEAA0000A097 /* PGResult.h in Headers */,
				6EE23F5D1631EF7500C99BA7 /* PGClientKit+Private.h in Headers */,
				6EE23F5E1631EF7500C99BA7 /* PGConnection.h in Headers */,
			);
			runOnlyForDeploymentPostprocessing = 0;
		};
/* End PBXHeadersBuildPhase section */

/* Begin PBXNativeTarget section */
		6E4DEC84162CC38D008B26BD /* PGFoundationClient */ = {
			isa = PBXNativeTarget;
			buildConfigurationList = 6E4DEC8F162CC38D008B26BD /* Build configuration list for PBXNativeTarget "PGFoundationClient" */;
			buildPhases = (
				6E4DEC81162CC38D008B26BD /* Sources */,
				6E4DEC82162CC38D008B26BD /* Frameworks */,
				6E4DEC83162CC38D008B26BD /* CopyFiles */,
			);
			buildRules = (
			);
			dependencies = (
				6E4DEC93162CC3A7008B26BD /* PBXTargetDependency */,
			);
			name = PGFoundationClient;
			productName = PGFoundationClient;
			productReference = 6E4DEC85162CC38D008B26BD /* PGFoundationClient */;
			productType = "com.apple.product-type.tool";
		};
		6ECA7ADB15F3637600AF2B70 /* PGFoundationServer */ = {
			isa = PBXNativeTarget;
			buildConfigurationList = 6ECA7AE615F3637600AF2B70 /* Build configuration list for PBXNativeTarget "PGFoundationServer" */;
			buildPhases = (
				6ECA7AD815F3637600AF2B70 /* Sources */,
				6ECA7AD915F3637600AF2B70 /* Frameworks */,
			);
			buildRules = (
			);
			dependencies = (
				6ECA7AEC15F363DB00AF2B70 /* PBXTargetDependency */,
			);
			name = PGFoundationServer;
			productName = PGFoundationServer;
			productReference = 6ECA7ADC15F3637600AF2B70 /* PGFoundationServer */;
			productType = "com.apple.product-type.tool";
		};
		6ED763FA15F2673600687079 /* PGServerKit */ = {
			isa = PBXNativeTarget;
			buildConfigurationList = 6ED7641015F2673600687079 /* Build configuration list for PBXNativeTarget "PGServerKit" */;
			buildPhases = (
				6ED763F615F2673600687079 /* Sources */,
				6ED763F715F2673600687079 /* Frameworks */,
				6ED763F815F2673600687079 /* Headers */,
				6ED763F915F2673600687079 /* Resources */,
				6EB1E79715F282A10093F784 /* ShellScript */,
			);
			buildRules = (
			);
			dependencies = (
				6ED7641315F2674E00687079 /* PBXTargetDependency */,
			);
			name = PGServerKit;
			productName = PGServerKit;
			productReference = 6ED763FB15F2673600687079 /* PGServerKit.framework */;
			productType = "com.apple.product-type.framework";
		};
		6ED85B3516288C4800A6DC02 /* PGClientKit */ = {
			isa = PBXNativeTarget;
			buildConfigurationList = 6ED85B4316288C4800A6DC02 /* Build configuration list for PBXNativeTarget "PGClientKit" */;
			buildPhases = (
				6ED85B3816288C4800A6DC02 /* Sources */,
				6ED85B3B16288C4800A6DC02 /* Frameworks */,
				6ED85B3D16288C4800A6DC02 /* Headers */,
				6ED85B4116288C4800A6DC02 /* Resources */,
			);
			buildRules = (
			);
			dependencies = (
				6ED85B3616288C4800A6DC02 /* PBXTargetDependency */,
			);
			name = PGClientKit;
			productName = PGServerKit;
			productReference = 6ED85B4616288C4800A6DC02 /* PGClientKit.framework */;
			productType = "com.apple.product-type.framework";
		};
		6EF30CF115F3957900EE0656 /* PGServer */ = {
			isa = PBXNativeTarget;
			buildConfigurationList = 6EF30D0D15F3957900EE0656 /* Build configuration list for PBXNativeTarget "PGServer" */;
			buildPhases = (
				6EF30CEE15F3957900EE0656 /* Sources */,
				6EF30CEF15F3957900EE0656 /* Frameworks */,
				6EF30CF015F3957900EE0656 /* Resources */,
				6E1B43D515F3A2F9001ED3BE /* CopyFiles */,
			);
			buildRules = (
			);
			dependencies = (
				6E30F78F15F3A5180056C749 /* PBXTargetDependency */,
			);
			name = PGServer;
			productName = PGServer;
			productReference = 6EF30CF215F3957900EE0656 /* PGServer.app */;
			productType = "com.apple.product-type.application";
		};
/* End PBXNativeTarget section */

/* Begin PBXProject section */
		6E256FDE15F252620079AD2D /* Project object */ = {
			isa = PBXProject;
			attributes = {
				LastUpgradeCheck = 0440;
			};
			buildConfigurationList = 6E256FE115F252620079AD2D /* Build configuration list for PBXProject "postgresql-kit" */;
			compatibilityVersion = "Xcode 3.2";
			developmentRegion = English;
			hasScannedForEncodings = 0;
			knownRegions = (
				en,
			);
			mainGroup = 6E256FDC15F252620079AD2D;
			productRefGroup = 6ED763FC15F2673600687079 /* Products */;
			projectDirPath = "";
			projectRoot = "";
			targets = (
				6E256FEE15F255780079AD2D /* postgresql */,
				6ED763FA15F2673600687079 /* PGServerKit */,
				6ED85B3516288C4800A6DC02 /* PGClientKit */,
				6ECA7ADB15F3637600AF2B70 /* PGFoundationServer */,
				6E4DEC84162CC38D008B26BD /* PGFoundationClient */,
				6EF30CF115F3957900EE0656 /* PGServer */,
			);
		};
/* End PBXProject section */

/* Begin PBXResourcesBuildPhase section */
		6ED763F915F2673600687079 /* Resources */ = {
			isa = PBXResourcesBuildPhase;
			buildActionMask = 2147483647;
			files = (
			);
			runOnlyForDeploymentPostprocessing = 0;
		};
		6ED85B4116288C4800A6DC02 /* Resources */ = {
			isa = PBXResourcesBuildPhase;
			buildActionMask = 2147483647;
			files = (
			);
			runOnlyForDeploymentPostprocessing = 0;
		};
		6EF30CF015F3957900EE0656 /* Resources */ = {
			isa = PBXResourcesBuildPhase;
			buildActionMask = 2147483647;
			files = (
				6EF30D1115F396D000EE0656 /* PGServer.xib in Resources */,
				6E1B43FE15F3A4C2001ED3BE /* elephant.icns in Resources */,
				6E48B37116060D980044A6CB /* strapline-200x40.png in Resources */,
				6E48B37216060D9E0044A6CB /* red.tiff in Resources */,
				6E48B37316060DA30044A6CB /* yellow.tiff in Resources */,
				6E48B37416060DA70044A6CB /* green.tiff in Resources */,
			);
			runOnlyForDeploymentPostprocessing = 0;
		};
/* End PBXResourcesBuildPhase section */

/* Begin PBXShellScriptBuildPhase section */
		6E256FF415F255D00079AD2D /* ShellScript */ = {
			isa = PBXShellScriptBuildPhase;
			buildActionMask = 2147483647;
			files = (
			);
			inputPaths = (
				"$(SRCROOT)/tar/postgresql-9.1.5.tar.gz",
			);
			outputPaths = (
			);
			runOnlyForDeploymentPostprocessing = 0;
			shellPath = /bin/bash;
			shellScript = "\nif [ \"${SCRIPT_INPUT_FILE_COUNT}\" != \"1\" ] ; then\n  echo \"Invalid number of input files\"\n  exit 1\nfi\n\nif [ ! -f ${SCRIPT_INPUT_FILE_0} ] ; then\n  echo \"Missing input file\"\n  exit 1\nfi\n\necho \"Making ${SCRIPT_INPUT_FILE_0}\"\necho \"Output to ${BUILT_PRODUCTS_DIR}\"\n\nif [ ! -d ${BUILT_PRODUCTS_DIR} ]\nthen\n  mkdir -pv ${BUILT_PRODUCTS_DIR}\nfi\n  \n/bin/bash ${SRCROOT}/etc/make-postgresql.sh ${SCRIPT_INPUT_FILE_0} ${BUILT_PRODUCTS_DIR}\n\n\n";
			showEnvVarsInLog = 0;
		};
		6EB1E79715F282A10093F784 /* ShellScript */ = {
			isa = PBXShellScriptBuildPhase;
			buildActionMask = 2147483647;
			files = (
			);
			inputPaths = (
			);
			outputPaths = (
			);
			runOnlyForDeploymentPostprocessing = 0;
			shellPath = /bin/sh;
			shellScript = "VERSION=postgresql-current\nBUILD=${BUILT_PRODUCTS_DIR}\nPREFIX=${BUILD}/${VERSION}\nDESTINATION=${BUILD}/${CONTENTS_FOLDER_PATH}/Resources\n\necho Installing from ${PREFIX} to ${DESTINATION}/${VERSION}\n\n# copy bin directory\necho cp -r ${PREFIX}/bin ${DESTINATION}/${VERSION}\ninstall -d ${DESTINATION}/${VERSION}/bin\ncp -r ${PREFIX}/bin ${DESTINATION}/${VERSION}\n\n# copy share directory\necho cp -r ${PREFIX}/share ${DESTINATION}/${VERSION}\ninstall -d ${DESTINATION}/${VERSION}/share\ncp -r ${PREFIX}/share ${DESTINATION}/${VERSION}\n\n# copy lib directory\necho cp -r ${PREFIX}/lib ${DESTINATION}/${VERSION}\ninstall -d ${DESTINATION}/${VERSION}/lib\ncp -r ${PREFIX}/lib ${DESTINATION}/${VERSION}\n\n";
		};
/* End PBXShellScriptBuildPhase section */

/* Begin PBXSourcesBuildPhase section */
		6E4DEC81162CC38D008B26BD /* Sources */ = {
			isa = PBXSourcesBuildPhase;
			buildActionMask = 2147483647;
			files = (
				6E4DEC94162CC3E1008B26BD /* main.m in Sources */,
				6E11AC0F162F4722009A077C /* Application.m in Sources */,
			);
			runOnlyForDeploymentPostprocessing = 0;
		};
		6ECA7AD815F3637600AF2B70 /* Sources */ = {
			isa = PBXSourcesBuildPhase;
			buildActionMask = 2147483647;
			files = (
				6ECA7AE915F3638500AF2B70 /* main.m in Sources */,
			);
			runOnlyForDeploymentPostprocessing = 0;
		};
		6ED763F615F2673600687079 /* Sources */ = {
			isa = PBXSourcesBuildPhase;
			buildActionMask = 2147483647;
			files = (
				6EDFA08515F3FCDF000C7BA4 /* PGServer+Backup.m in Sources */,
				6EA41EF11610E7DB00E81046 /* PGServer.m in Sources */,
			);
			runOnlyForDeploymentPostprocessing = 0;
		};
		6ED85B3816288C4800A6DC02 /* Sources */ = {
			isa = PBXSourcesBuildPhase;
			buildActionMask = 2147483647;
			files = (
				6E031031162FE50B003225B1 /* PGStatement.m in Sources */,
				6E0978221631AFAB0000A097 /* PGConnectionPool.m in Sources */,
				6E0978271631CEAA0000A097 /* PGResult.m in Sources */,
				6EE23F5F1631EF7500C99BA7 /* PGConnection.m in Sources */,
			);
			runOnlyForDeploymentPostprocessing = 0;
		};
		6EF30CEE15F3957900EE0656 /* Sources */ = {
			isa = PBXSourcesBuildPhase;
			buildActionMask = 2147483647;
			files = (
				6EF30D0715F3957900EE0656 /* AppDelegate.m in Sources */,
				6EF30D0F15F3964D00EE0656 /* main.m in Sources */,
				6E6679521606387B00EF8E98 /* ConnectionPrefs.m in Sources */,
				6EEE176416287D7A0029ACDC /* ConfigurationPrefs.m in Sources */,
			);
			runOnlyForDeploymentPostprocessing = 0;
		};
/* End PBXSourcesBuildPhase section */

/* Begin PBXTargetDependency section */
		6E30F78F15F3A5180056C749 /* PBXTargetDependency */ = {
			isa = PBXTargetDependency;
			target = 6ED763FA15F2673600687079 /* PGServerKit */;
			targetProxy = 6E30F78E15F3A5180056C749 /* PBXContainerItemProxy */;
		};
		6E4DEC93162CC3A7008B26BD /* PBXTargetDependency */ = {
			isa = PBXTargetDependency;
			target = 6ED85B3516288C4800A6DC02 /* PGClientKit */;
			targetProxy = 6E4DEC92162CC3A7008B26BD /* PBXContainerItemProxy */;
		};
		6ECA7AEC15F363DB00AF2B70 /* PBXTargetDependency */ = {
			isa = PBXTargetDependency;
			target = 6ED763FA15F2673600687079 /* PGServerKit */;
			targetProxy = 6ECA7AEB15F363DB00AF2B70 /* PBXContainerItemProxy */;
		};
		6ED7641315F2674E00687079 /* PBXTargetDependency */ = {
			isa = PBXTargetDependency;
			target = 6E256FEE15F255780079AD2D /* postgresql */;
			targetProxy = 6ED7641215F2674E00687079 /* PBXContainerItemProxy */;
		};
		6ED85B3616288C4800A6DC02 /* PBXTargetDependency */ = {
			isa = PBXTargetDependency;
			target = 6E256FEE15F255780079AD2D /* postgresql */;
			targetProxy = 6ED85B3716288C4800A6DC02 /* PBXContainerItemProxy */;
		};
/* End PBXTargetDependency section */

/* Begin XCBuildConfiguration section */
		6E256FE315F252620079AD2D /* Debug */ = {
			isa = XCBuildConfiguration;
			buildSettings = {
			};
			name = Debug;
		};
		6E256FE415F252620079AD2D /* Release */ = {
			isa = XCBuildConfiguration;
			buildSettings = {
			};
			name = Release;
		};
		6E256FF015F255780079AD2D /* Debug */ = {
			isa = XCBuildConfiguration;
			buildSettings = {
				PRODUCT_NAME = "$(TARGET_NAME)";
			};
			name = Debug;
		};
		6E256FF115F255780079AD2D /* Release */ = {
			isa = XCBuildConfiguration;
			buildSettings = {
				PRODUCT_NAME = "$(TARGET_NAME)";
			};
			name = Release;
		};
		6E4DEC90162CC38D008B26BD /* Debug */ = {
			isa = XCBuildConfiguration;
			buildSettings = {
				ALWAYS_SEARCH_USER_PATHS = NO;
				ARCHS = "$(ARCHS_STANDARD_64_BIT)";
				CLANG_CXX_LANGUAGE_STANDARD = "gnu++0x";
				CLANG_ENABLE_OBJC_ARC = YES;
				CLANG_WARN__DUPLICATE_METHOD_MATCH = YES;
				COPY_PHASE_STRIP = NO;
				GCC_C_LANGUAGE_STANDARD = gnu99;
				GCC_DYNAMIC_NO_PIC = NO;
				GCC_ENABLE_OBJC_EXCEPTIONS = YES;
				GCC_OPTIMIZATION_LEVEL = 0;
				GCC_PRECOMPILE_PREFIX_HEADER = YES;
				GCC_PREPROCESSOR_DEFINITIONS = (
					"DEBUG=1",
					"$(inherited)",
				);
				GCC_SYMBOLS_PRIVATE_EXTERN = NO;
				GCC_WARN_64_TO_32_BIT_CONVERSION = YES;
				GCC_WARN_ABOUT_RETURN_TYPE = YES;
				GCC_WARN_UNINITIALIZED_AUTOS = YES;
				GCC_WARN_UNUSED_VARIABLE = YES;
				MACOSX_DEPLOYMENT_TARGET = 10.7;
				ONLY_ACTIVE_ARCH = YES;
				PRODUCT_NAME = "$(TARGET_NAME)";
				SDKROOT = macosx;
			};
			name = Debug;
		};
		6E4DEC91162CC38D008B26BD /* Release */ = {
			isa = XCBuildConfiguration;
			buildSettings = {
				ALWAYS_SEARCH_USER_PATHS = NO;
				ARCHS = "$(ARCHS_STANDARD_64_BIT)";
				CLANG_CXX_LANGUAGE_STANDARD = "gnu++0x";
				CLANG_ENABLE_OBJC_ARC = YES;
				CLANG_WARN__DUPLICATE_METHOD_MATCH = YES;
				COPY_PHASE_STRIP = YES;
				DEBUG_INFORMATION_FORMAT = "dwarf-with-dsym";
				GCC_C_LANGUAGE_STANDARD = gnu99;
				GCC_ENABLE_OBJC_EXCEPTIONS = YES;
				GCC_PRECOMPILE_PREFIX_HEADER = YES;
				GCC_WARN_64_TO_32_BIT_CONVERSION = YES;
				GCC_WARN_ABOUT_RETURN_TYPE = YES;
				GCC_WARN_UNINITIALIZED_AUTOS = YES;
				GCC_WARN_UNUSED_VARIABLE = YES;
				MACOSX_DEPLOYMENT_TARGET = 10.7;
				PRODUCT_NAME = "$(TARGET_NAME)";
				SDKROOT = macosx;
			};
			name = Release;
		};
		6ECA7AE715F3637600AF2B70 /* Debug */ = {
			isa = XCBuildConfiguration;
			buildSettings = {
				ALWAYS_SEARCH_USER_PATHS = NO;
				ARCHS = "$(ARCHS_STANDARD_64_BIT)";
				CLANG_CXX_LANGUAGE_STANDARD = "gnu++0x";
				CLANG_ENABLE_OBJC_ARC = YES;
				CLANG_WARN__DUPLICATE_METHOD_MATCH = YES;
				COPY_PHASE_STRIP = NO;
				GCC_C_LANGUAGE_STANDARD = gnu99;
				GCC_DYNAMIC_NO_PIC = NO;
				GCC_ENABLE_OBJC_EXCEPTIONS = YES;
				GCC_OPTIMIZATION_LEVEL = 0;
				GCC_PRECOMPILE_PREFIX_HEADER = YES;
				GCC_PREPROCESSOR_DEFINITIONS = (
					"DEBUG=1",
					"$(inherited)",
				);
				GCC_SYMBOLS_PRIVATE_EXTERN = NO;
				GCC_WARN_64_TO_32_BIT_CONVERSION = YES;
				GCC_WARN_ABOUT_RETURN_TYPE = YES;
				GCC_WARN_UNINITIALIZED_AUTOS = YES;
				GCC_WARN_UNUSED_VARIABLE = YES;
				MACOSX_DEPLOYMENT_TARGET = 10.7;
				ONLY_ACTIVE_ARCH = YES;
				PRODUCT_NAME = "$(TARGET_NAME)";
				SDKROOT = macosx;
			};
			name = Debug;
		};
		6ECA7AE815F3637600AF2B70 /* Release */ = {
			isa = XCBuildConfiguration;
			buildSettings = {
				ALWAYS_SEARCH_USER_PATHS = NO;
				ARCHS = "$(ARCHS_STANDARD_64_BIT)";
				CLANG_CXX_LANGUAGE_STANDARD = "gnu++0x";
				CLANG_ENABLE_OBJC_ARC = YES;
				CLANG_WARN__DUPLICATE_METHOD_MATCH = YES;
				COPY_PHASE_STRIP = YES;
				DEBUG_INFORMATION_FORMAT = "dwarf-with-dsym";
				GCC_C_LANGUAGE_STANDARD = gnu99;
				GCC_ENABLE_OBJC_EXCEPTIONS = YES;
				GCC_PRECOMPILE_PREFIX_HEADER = YES;
				GCC_WARN_64_TO_32_BIT_CONVERSION = YES;
				GCC_WARN_ABOUT_RETURN_TYPE = YES;
				GCC_WARN_UNINITIALIZED_AUTOS = YES;
				GCC_WARN_UNUSED_VARIABLE = YES;
				MACOSX_DEPLOYMENT_TARGET = 10.7;
				PRODUCT_NAME = "$(TARGET_NAME)";
				SDKROOT = macosx;
			};
			name = Release;
		};
		6ED7640E15F2673600687079 /* Debug */ = {
			isa = XCBuildConfiguration;
			buildSettings = {
				ALWAYS_SEARCH_USER_PATHS = NO;
				ARCHS = "$(ARCHS_STANDARD_64_BIT)";
				CLANG_CXX_LANGUAGE_STANDARD = "gnu++0x";
				CLANG_ENABLE_OBJC_ARC = YES;
				CLANG_WARN__DUPLICATE_METHOD_MATCH = YES;
				COMBINE_HIDPI_IMAGES = YES;
				COPY_PHASE_STRIP = NO;
				DYLIB_COMPATIBILITY_VERSION = 1;
				DYLIB_CURRENT_VERSION = 1;
				FRAMEWORK_VERSION = A;
				GCC_C_LANGUAGE_STANDARD = gnu99;
				GCC_DYNAMIC_NO_PIC = NO;
				GCC_ENABLE_OBJC_EXCEPTIONS = YES;
				GCC_OPTIMIZATION_LEVEL = 0;
				GCC_PRECOMPILE_PREFIX_HEADER = YES;
				GCC_PREFIX_HEADER = "";
				GCC_PREPROCESSOR_DEFINITIONS = (
					"DEBUG=1",
					"$(inherited)",
				);
				GCC_SYMBOLS_PRIVATE_EXTERN = NO;
				GCC_WARN_64_TO_32_BIT_CONVERSION = YES;
				GCC_WARN_ABOUT_RETURN_TYPE = YES;
				GCC_WARN_UNINITIALIZED_AUTOS = YES;
				GCC_WARN_UNUSED_VARIABLE = YES;
				INFOPLIST_FILE = "src/PGServerKit/PGServerKit-Info.plist";
				INSTALL_PATH = "@executable_path/../Frameworks";
				MACOSX_DEPLOYMENT_TARGET = 10.7;
				ONLY_ACTIVE_ARCH = YES;
				PRODUCT_NAME = "$(TARGET_NAME)";
				SDKROOT = macosx;
				WRAPPER_EXTENSION = framework;
			};
			name = Debug;
		};
		6ED7640F15F2673600687079 /* Release */ = {
			isa = XCBuildConfiguration;
			buildSettings = {
				ALWAYS_SEARCH_USER_PATHS = NO;
				ARCHS = "$(ARCHS_STANDARD_64_BIT)";
				CLANG_CXX_LANGUAGE_STANDARD = "gnu++0x";
				CLANG_ENABLE_OBJC_ARC = YES;
				CLANG_WARN__DUPLICATE_METHOD_MATCH = YES;
				COMBINE_HIDPI_IMAGES = YES;
				COPY_PHASE_STRIP = YES;
				DEBUG_INFORMATION_FORMAT = "dwarf-with-dsym";
				DYLIB_COMPATIBILITY_VERSION = 1;
				DYLIB_CURRENT_VERSION = 1;
				FRAMEWORK_VERSION = A;
				GCC_C_LANGUAGE_STANDARD = gnu99;
				GCC_ENABLE_OBJC_EXCEPTIONS = YES;
				GCC_PRECOMPILE_PREFIX_HEADER = YES;
				GCC_PREFIX_HEADER = "";
				GCC_WARN_64_TO_32_BIT_CONVERSION = YES;
				GCC_WARN_ABOUT_RETURN_TYPE = YES;
				GCC_WARN_UNINITIALIZED_AUTOS = YES;
				GCC_WARN_UNUSED_VARIABLE = YES;
				INFOPLIST_FILE = "src/PGServerKit/PGServerKit-Info.plist";
				INSTALL_PATH = "@executable_path/../Frameworks";
				MACOSX_DEPLOYMENT_TARGET = 10.7;
				PRODUCT_NAME = "$(TARGET_NAME)";
				SDKROOT = macosx;
				WRAPPER_EXTENSION = framework;
			};
			name = Release;
		};
		6ED85B4416288C4800A6DC02 /* Debug */ = {
			isa = XCBuildConfiguration;
			buildSettings = {
				ALWAYS_SEARCH_USER_PATHS = NO;
				ARCHS = "$(ARCHS_STANDARD_64_BIT)";
				CLANG_CXX_LANGUAGE_STANDARD = "gnu++0x";
				CLANG_ENABLE_OBJC_ARC = YES;
				CLANG_WARN__DUPLICATE_METHOD_MATCH = YES;
				COMBINE_HIDPI_IMAGES = YES;
				COPY_PHASE_STRIP = NO;
				DYLIB_COMPATIBILITY_VERSION = 1;
				DYLIB_CURRENT_VERSION = 1;
				FRAMEWORK_SEARCH_PATHS = "${BUILT_PRODUCTS_DIR}/postgresql-current/include";
				FRAMEWORK_VERSION = A;
				GCC_C_LANGUAGE_STANDARD = gnu99;
				GCC_DYNAMIC_NO_PIC = NO;
				GCC_ENABLE_OBJC_EXCEPTIONS = YES;
				GCC_OPTIMIZATION_LEVEL = 0;
				GCC_PRECOMPILE_PREFIX_HEADER = YES;
				GCC_PREFIX_HEADER = "";
				GCC_PREPROCESSOR_DEFINITIONS = (
					"DEBUG=1",
					"$(inherited)",
				);
				GCC_SYMBOLS_PRIVATE_EXTERN = NO;
				GCC_WARN_64_TO_32_BIT_CONVERSION = YES;
				GCC_WARN_ABOUT_RETURN_TYPE = YES;
				GCC_WARN_UNINITIALIZED_AUTOS = YES;
				GCC_WARN_UNUSED_VARIABLE = YES;
				GENERATE_MASTER_OBJECT_FILE = YES;
				HEADER_SEARCH_PATHS = "";
				INFOPLIST_FILE = src/PGClientKit/PGClientKit.plist;
				INSTALL_PATH = "@executable_path/../Frameworks";
				MACOSX_DEPLOYMENT_TARGET = 10.7;
				ONLY_ACTIVE_ARCH = YES;
				"PRELINK_LIBS[arch=*]" = "${BUILT_PRODUCTS_DIR}/postgresql-current/lib/libpq.a";
				PRODUCT_NAME = PGClientKit;
				SDKROOT = macosx;
				WRAPPER_EXTENSION = framework;
			};
			name = Debug;
		};
		6ED85B4516288C4800A6DC02 /* Release */ = {
			isa = XCBuildConfiguration;
			buildSettings = {
				ALWAYS_SEARCH_USER_PATHS = NO;
				ARCHS = "$(ARCHS_STANDARD_64_BIT)";
				CLANG_CXX_LANGUAGE_STANDARD = "gnu++0x";
				CLANG_ENABLE_OBJC_ARC = YES;
				CLANG_WARN__DUPLICATE_METHOD_MATCH = YES;
				COMBINE_HIDPI_IMAGES = YES;
				COPY_PHASE_STRIP = YES;
				DEBUG_INFORMATION_FORMAT = "dwarf-with-dsym";
				DYLIB_COMPATIBILITY_VERSION = 1;
				DYLIB_CURRENT_VERSION = 1;
				FRAMEWORK_SEARCH_PATHS = "${BUILT_PRODUCTS_DIR}/postgresql-current/include";
				FRAMEWORK_VERSION = A;
				GCC_C_LANGUAGE_STANDARD = gnu99;
				GCC_ENABLE_OBJC_EXCEPTIONS = YES;
				GCC_PRECOMPILE_PREFIX_HEADER = YES;
				GCC_PREFIX_HEADER = "";
				GCC_WARN_64_TO_32_BIT_CONVERSION = YES;
				GCC_WARN_ABOUT_RETURN_TYPE = YES;
				GCC_WARN_UNINITIALIZED_AUTOS = YES;
				GCC_WARN_UNUSED_VARIABLE = YES;
				GENERATE_MASTER_OBJECT_FILE = YES;
				INFOPLIST_FILE = src/PGClientKit/PGClientKit.plist;
				INSTALL_PATH = "@executable_path/../Frameworks";
				MACOSX_DEPLOYMENT_TARGET = 10.7;
				"PRELINK_LIBS[arch=*]" = "${BUILT_PRODUCTS_DIR}/postgresql-current/lib/libpq.a";
				PRODUCT_NAME = PGClientKit;
				SDKROOT = macosx;
				WRAPPER_EXTENSION = framework;
			};
			name = Release;
		};
		6EF30D0B15F3957900EE0656 /* Debug */ = {
			isa = XCBuildConfiguration;
			buildSettings = {
				ALWAYS_SEARCH_USER_PATHS = NO;
				ARCHS = "$(ARCHS_STANDARD_64_BIT)";
				CLANG_CXX_LANGUAGE_STANDARD = "gnu++0x";
				CLANG_ENABLE_OBJC_ARC = YES;
				CLANG_WARN__DUPLICATE_METHOD_MATCH = YES;
				COMBINE_HIDPI_IMAGES = YES;
				COPY_PHASE_STRIP = NO;
				GCC_C_LANGUAGE_STANDARD = gnu99;
				GCC_DYNAMIC_NO_PIC = NO;
				GCC_ENABLE_OBJC_EXCEPTIONS = YES;
				GCC_OPTIMIZATION_LEVEL = 0;
				GCC_PRECOMPILE_PREFIX_HEADER = YES;
				GCC_PREFIX_HEADER = "";
				GCC_PREPROCESSOR_DEFINITIONS = (
					"DEBUG=1",
					"$(inherited)",
				);
				GCC_SYMBOLS_PRIVATE_EXTERN = NO;
				GCC_WARN_64_TO_32_BIT_CONVERSION = YES;
				GCC_WARN_ABOUT_RETURN_TYPE = YES;
				GCC_WARN_UNINITIALIZED_AUTOS = YES;
				GCC_WARN_UNUSED_VARIABLE = YES;
				INFOPLIST_FILE = "$(SRCROOT)/src/Example/PGServer/PGServer-Info.plist";
				MACOSX_DEPLOYMENT_TARGET = 10.7;
				ONLY_ACTIVE_ARCH = YES;
				PRODUCT_NAME = "$(TARGET_NAME)";
				SDKROOT = macosx;
				WRAPPER_EXTENSION = app;
			};
			name = Debug;
		};
		6EF30D0C15F3957900EE0656 /* Release */ = {
			isa = XCBuildConfiguration;
			buildSettings = {
				ALWAYS_SEARCH_USER_PATHS = NO;
				ARCHS = "$(ARCHS_STANDARD_64_BIT)";
				CLANG_CXX_LANGUAGE_STANDARD = "gnu++0x";
				CLANG_ENABLE_OBJC_ARC = YES;
				CLANG_WARN__DUPLICATE_METHOD_MATCH = YES;
				COMBINE_HIDPI_IMAGES = YES;
				COPY_PHASE_STRIP = YES;
				DEBUG_INFORMATION_FORMAT = "dwarf-with-dsym";
				GCC_C_LANGUAGE_STANDARD = gnu99;
				GCC_ENABLE_OBJC_EXCEPTIONS = YES;
				GCC_PRECOMPILE_PREFIX_HEADER = YES;
				GCC_PREFIX_HEADER = "";
				GCC_WARN_64_TO_32_BIT_CONVERSION = YES;
				GCC_WARN_ABOUT_RETURN_TYPE = YES;
				GCC_WARN_UNINITIALIZED_AUTOS = YES;
				GCC_WARN_UNUSED_VARIABLE = YES;
				INFOPLIST_FILE = "$(SRCROOT)/src/Example/PGServer/PGServer-Info.plist";
				MACOSX_DEPLOYMENT_TARGET = 10.7;
				PRODUCT_NAME = "$(TARGET_NAME)";
				SDKROOT = macosx;
				WRAPPER_EXTENSION = app;
			};
			name = Release;
		};
/* End XCBuildConfiguration section */

/* Begin XCConfigurationList section */
		6E256FE115F252620079AD2D /* Build configuration list for PBXProject "postgresql-kit" */ = {
			isa = XCConfigurationList;
			buildConfigurations = (
				6E256FE315F252620079AD2D /* Debug */,
				6E256FE415F252620079AD2D /* Release */,
			);
			defaultConfigurationIsVisible = 0;
			defaultConfigurationName = Release;
		};
		6E256FEF15F255780079AD2D /* Build configuration list for PBXAggregateTarget "postgresql" */ = {
			isa = XCConfigurationList;
			buildConfigurations = (
				6E256FF015F255780079AD2D /* Debug */,
				6E256FF115F255780079AD2D /* Release */,
			);
			defaultConfigurationIsVisible = 0;
			defaultConfigurationName = Release;
		};
		6E4DEC8F162CC38D008B26BD /* Build configuration list for PBXNativeTarget "PGFoundationClient" */ = {
			isa = XCConfigurationList;
			buildConfigurations = (
				6E4DEC90162CC38D008B26BD /* Debug */,
				6E4DEC91162CC38D008B26BD /* Release */,
			);
			defaultConfigurationIsVisible = 0;
			defaultConfigurationName = Release;
		};
		6ECA7AE615F3637600AF2B70 /* Build configuration list for PBXNativeTarget "PGFoundationServer" */ = {
			isa = XCConfigurationList;
			buildConfigurations = (
				6ECA7AE715F3637600AF2B70 /* Debug */,
				6ECA7AE815F3637600AF2B70 /* Release */,
			);
			defaultConfigurationIsVisible = 0;
			defaultConfigurationName = Release;
		};
		6ED7641015F2673600687079 /* Build configuration list for PBXNativeTarget "PGServerKit" */ = {
			isa = XCConfigurationList;
			buildConfigurations = (
				6ED7640E15F2673600687079 /* Debug */,
				6ED7640F15F2673600687079 /* Release */,
			);
			defaultConfigurationIsVisible = 0;
			defaultConfigurationName = Release;
		};
		6ED85B4316288C4800A6DC02 /* Build configuration list for PBXNativeTarget "PGClientKit" */ = {
			isa = XCConfigurationList;
			buildConfigurations = (
				6ED85B4416288C4800A6DC02 /* Debug */,
				6ED85B4516288C4800A6DC02 /* Release */,
			);
			defaultConfigurationIsVisible = 0;
			defaultConfigurationName = Release;
		};
		6EF30D0D15F3957900EE0656 /* Build configuration list for PBXNativeTarget "PGServer" */ = {
			isa = XCConfigurationList;
			buildConfigurations = (
				6EF30D0B15F3957900EE0656 /* Debug */,
				6EF30D0C15F3957900EE0656 /* Release */,
			);
			defaultConfigurationIsVisible = 0;
			defaultConfigurationName = Release;
		};
/* End XCConfigurationList section */
	};
	rootObject = 6E256FDE15F252620079AD2D /* Project object */;
}
